// !$*UTF8*$!
{
	archiveVersion = 1;
	classes = {
	};
	objectVersion = 55;
	objects = {

/* Begin PBXBuildFile section */
		1741B45328A3B9710075BA74 /* AppDelegate.swift in Sources */ = {isa = PBXBuildFile; fileRef = 1741B45228A3B9710075BA74 /* AppDelegate.swift */; };
		1741B45528A3B9710075BA74 /* SceneDelegate.swift in Sources */ = {isa = PBXBuildFile; fileRef = 1741B45428A3B9710075BA74 /* SceneDelegate.swift */; };
		1741B45728A3B9710075BA74 /* ViewController.swift in Sources */ = {isa = PBXBuildFile; fileRef = 1741B45628A3B9710075BA74 /* ViewController.swift */; };
		1741B45A28A3B9710075BA74 /* Main.storyboard in Resources */ = {isa = PBXBuildFile; fileRef = 1741B45828A3B9710075BA74 /* Main.storyboard */; };
		1741B45C28A3B9740075BA74 /* Assets.xcassets in Resources */ = {isa = PBXBuildFile; fileRef = 1741B45B28A3B9740075BA74 /* Assets.xcassets */; };
		1741B45F28A3B9740075BA74 /* LaunchScreen.storyboard in Resources */ = {isa = PBXBuildFile; fileRef = 1741B45D28A3B9740075BA74 /* LaunchScreen.storyboard */; };
		1741B46728A3BC3D0075BA74 /* GoogleService-Info.plist in Resources */ = {isa = PBXBuildFile; fileRef = 1741B46628A3BC3C0075BA74 /* GoogleService-Info.plist */; };
		179CD1C928A3ED2500EC19D9 /* FeedViewController.swift in Sources */ = {isa = PBXBuildFile; fileRef = 179CD1C828A3ED2500EC19D9 /* FeedViewController.swift */; };
		179CD1CB28A3ED3700EC19D9 /* UpLoadViewController.swift in Sources */ = {isa = PBXBuildFile; fileRef = 179CD1CA28A3ED3700EC19D9 /* UpLoadViewController.swift */; };
		179CD1CD28A3ED5100EC19D9 /* SettingsViewController.swift in Sources */ = {isa = PBXBuildFile; fileRef = 179CD1CC28A3ED5100EC19D9 /* SettingsViewController.swift */; };
		979AB4816672D39DBA9DBF77 /* Pods_instagramCloneFirebase.framework in Frameworks */ = {isa = PBXBuildFile; fileRef = 9101159F3E012DEA59BFC694 /* Pods_instagramCloneFirebase.framework */; };
/* End PBXBuildFile section */

/* Begin PBXFileReference section */
		1741B44F28A3B9710075BA74 /* instagramCloneFirebase.app */ = {isa = PBXFileReference; explicitFileType = wrapper.application; includeInIndex = 0; path = instagramCloneFirebase.app; sourceTree = BUILT_PRODUCTS_DIR; };
		1741B45228A3B9710075BA74 /* AppDelegate.swift */ = {isa = PBXFileReference; lastKnownFileType = sourcecode.swift; path = AppDelegate.swift; sourceTree = "<group>"; };
		1741B45428A3B9710075BA74 /* SceneDelegate.swift */ = {isa = PBXFileReference; lastKnownFileType = sourcecode.swift; path = SceneDelegate.swift; sourceTree = "<group>"; };
		1741B45628A3B9710075BA74 /* ViewController.swift */ = {isa = PBXFileReference; lastKnownFileType = sourcecode.swift; path = ViewController.swift; sourceTree = "<group>"; };
		1741B45928A3B9710075BA74 /* Base */ = {isa = PBXFileReference; lastKnownFileType = file.storyboard; name = Base; path = Base.lproj/Main.storyboard; sourceTree = "<group>"; };
		1741B45B28A3B9740075BA74 /* Assets.xcassets */ = {isa = PBXFileReference; lastKnownFileType = folder.assetcatalog; path = Assets.xcassets; sourceTree = "<group>"; };
		1741B45E28A3B9740075BA74 /* Base */ = {isa = PBXFileReference; lastKnownFileType = file.storyboard; name = Base; path = Base.lproj/LaunchScreen.storyboard; sourceTree = "<group>"; };
		1741B46028A3B9740075BA74 /* Info.plist */ = {isa = PBXFileReference; lastKnownFileType = text.plist.xml; path = Info.plist; sourceTree = "<group>"; };
		1741B46628A3BC3C0075BA74 /* GoogleService-Info.plist */ = {isa = PBXFileReference; fileEncoding = 4; lastKnownFileType = text.plist.xml; path = "GoogleService-Info.plist"; sourceTree = "<group>"; };
		179CD1C828A3ED2500EC19D9 /* FeedViewController.swift */ = {isa = PBXFileReference; lastKnownFileType = sourcecode.swift; path = FeedViewController.swift; sourceTree = "<group>"; };
		179CD1CA28A3ED3700EC19D9 /* UpLoadViewController.swift */ = {isa = PBXFileReference; lastKnownFileType = sourcecode.swift; path = UpLoadViewController.swift; sourceTree = "<group>"; };
		179CD1CC28A3ED5100EC19D9 /* SettingsViewController.swift */ = {isa = PBXFileReference; lastKnownFileType = sourcecode.swift; path = SettingsViewController.swift; sourceTree = "<group>"; };
		9101159F3E012DEA59BFC694 /* Pods_instagramCloneFirebase.framework */ = {isa = PBXFileReference; explicitFileType = wrapper.framework; includeInIndex = 0; path = Pods_instagramCloneFirebase.framework; sourceTree = BUILT_PRODUCTS_DIR; };
		B30B1168A4942FA7FEE87DC1 /* Pods-instagramCloneFirebase.debug.xcconfig */ = {isa = PBXFileReference; includeInIndex = 1; lastKnownFileType = text.xcconfig; name = "Pods-instagramCloneFirebase.debug.xcconfig"; path = "Target Support Files/Pods-instagramCloneFirebase/Pods-instagramCloneFirebase.debug.xcconfig"; sourceTree = "<group>"; };
		F8318BF183F8D49B85C2BF20 /* Pods-instagramCloneFirebase.release.xcconfig */ = {isa = PBXFileReference; includeInIndex = 1; lastKnownFileType = text.xcconfig; name = "Pods-instagramCloneFirebase.release.xcconfig"; path = "Target Support Files/Pods-instagramCloneFirebase/Pods-instagramCloneFirebase.release.xcconfig"; sourceTree = "<group>"; };
/* End PBXFileReference section */

/* Begin PBXFrameworksBuildPhase section */
		1741B44C28A3B9710075BA74 /* Frameworks */ = {
			isa = PBXFrameworksBuildPhase;
			buildActionMask = 2147483647;
			files = (
				979AB4816672D39DBA9DBF77 /* Pods_instagramCloneFirebase.framework in Frameworks */,
			);
			runOnlyForDeploymentPostprocessing = 0;
		};
/* End PBXFrameworksBuildPhase section */

/* Begin PBXGroup section */
		1741B44628A3B9710075BA74 = {
			isa = PBXGroup;
			children = (
				1741B45128A3B9710075BA74 /* instagramCloneFirebase */,
				1741B45028A3B9710075BA74 /* Products */,
				B297567C6B28ABE0CF352337 /* Pods */,
				4EC0963C145A178E5E212C04 /* Frameworks */,
			);
			sourceTree = "<group>";
		};
		1741B45028A3B9710075BA74 /* Products */ = {
			isa = PBXGroup;
			children = (
				1741B44F28A3B9710075BA74 /* instagramCloneFirebase.app */,
			);
			name = Products;
			sourceTree = "<group>";
		};
		1741B45128A3B9710075BA74 /* instagramCloneFirebase */ = {
			isa = PBXGroup;
			children = (
				1741B45228A3B9710075BA74 /* AppDelegate.swift */,
				1741B45428A3B9710075BA74 /* SceneDelegate.swift */,
				1741B45628A3B9710075BA74 /* ViewController.swift */,
				179CD1CC28A3ED5100EC19D9 /* SettingsViewController.swift */,
				179CD1C828A3ED2500EC19D9 /* FeedViewController.swift */,
				179CD1CA28A3ED3700EC19D9 /* UpLoadViewController.swift */,
				1741B45828A3B9710075BA74 /* Main.storyboard */,
				1741B46628A3BC3C0075BA74 /* GoogleService-Info.plist */,
				1741B45B28A3B9740075BA74 /* Assets.xcassets */,
				1741B45D28A3B9740075BA74 /* LaunchScreen.storyboard */,
				1741B46028A3B9740075BA74 /* Info.plist */,
			);
			path = instagramCloneFirebase;
			sourceTree = "<group>";
		};
		4EC0963C145A178E5E212C04 /* Frameworks */ = {
			isa = PBXGroup;
			children = (
				9101159F3E012DEA59BFC694 /* Pods_instagramCloneFirebase.framework */,
			);
			name = Frameworks;
			sourceTree = "<group>";
		};
		B297567C6B28ABE0CF352337 /* Pods */ = {
			isa = PBXGroup;
			children = (
				B30B1168A4942FA7FEE87DC1 /* Pods-instagramCloneFirebase.debug.xcconfig */,
				F8318BF183F8D49B85C2BF20 /* Pods-instagramCloneFirebase.release.xcconfig */,
			);
			path = Pods;
			sourceTree = "<group>";
		};
/* End PBXGroup section */

/* Begin PBXNativeTarget section */
		1741B44E28A3B9710075BA74 /* instagramCloneFirebase */ = {
			isa = PBXNativeTarget;
			buildConfigurationList = 1741B46328A3B9750075BA74 /* Build configuration list for PBXNativeTarget "instagramCloneFirebase" */;
			buildPhases = (
				E052AA803F41D4C2C55537A0 /* [CP] Check Pods Manifest.lock */,
				1741B44B28A3B9710075BA74 /* Sources */,
				1741B44C28A3B9710075BA74 /* Frameworks */,
				1741B44D28A3B9710075BA74 /* Resources */,
				7ADEB44E6FF0B9B5F458453C /* [CP] Embed Pods Frameworks */,
			);
			buildRules = (
			);
			dependencies = (
			);
			name = instagramCloneFirebase;
			productName = instagramCloneFirebase;
			productReference = 1741B44F28A3B9710075BA74 /* instagramCloneFirebase.app */;
			productType = "com.apple.product-type.application";
		};
/* End PBXNativeTarget section */

/* Begin PBXProject section */
		1741B44728A3B9710075BA74 /* Project object */ = {
			isa = PBXProject;
			attributes = {
				BuildIndependentTargetsInParallel = 1;
				LastSwiftUpdateCheck = 1330;
				LastUpgradeCheck = 1330;
				TargetAttributes = {
					1741B44E28A3B9710075BA74 = {
						CreatedOnToolsVersion = 13.3.1;
					};
				};
			};
			buildConfigurationList = 1741B44A28A3B9710075BA74 /* Build configuration list for PBXProject "instagramCloneFirebase" */;
			compatibilityVersion = "Xcode 13.0";
			developmentRegion = en;
			hasScannedForEncodings = 0;
			knownRegions = (
				en,
				Base,
			);
			mainGroup = 1741B44628A3B9710075BA74;
			productRefGroup = 1741B45028A3B9710075BA74 /* Products */;
			projectDirPath = "";
			projectRoot = "";
			targets = (
				1741B44E28A3B9710075BA74 /* instagramCloneFirebase */,
			);
		};
/* End PBXProject section */

/* Begin PBXResourcesBuildPhase section */
		1741B44D28A3B9710075BA74 /* Resources */ = {
			isa = PBXResourcesBuildPhase;
			buildActionMask = 2147483647;
			files = (
				1741B45F28A3B9740075BA74 /* LaunchScreen.storyboard in Resources */,
				1741B46728A3BC3D0075BA74 /* GoogleService-Info.plist in Resources */,
				1741B45C28A3B9740075BA74 /* Assets.xcassets in Resources */,
				1741B45A28A3B9710075BA74 /* Main.storyboard in Resources */,
			);
			runOnlyForDeploymentPostprocessing = 0;
		};
/* End PBXResourcesBuildPhase section */

/* Begin PBXShellScriptBuildPhase section */
		7ADEB44E6FF0B9B5F458453C /* [CP] Embed Pods Frameworks */ = {
			isa = PBXShellScriptBuildPhase;
			buildActionMask = 2147483647;
			files = (
			);
			inputFileListPaths = (
				"${PODS_ROOT}/Target Support Files/Pods-instagramCloneFirebase/Pods-instagramCloneFirebase-frameworks-${CONFIGURATION}-input-files.xcfilelist",
			);
			name = "[CP] Embed Pods Frameworks";
			outputFileListPaths = (
				"${PODS_ROOT}/Target Support Files/Pods-instagramCloneFirebase/Pods-instagramCloneFirebase-frameworks-${CONFIGURATION}-output-files.xcfilelist",
			);
			runOnlyForDeploymentPostprocessing = 0;
			shellPath = /bin/sh;
			shellScript = "\"${PODS_ROOT}/Target Support Files/Pods-instagramCloneFirebase/Pods-instagramCloneFirebase-frameworks.sh\"\n";
			showEnvVarsInLog = 0;
		};
		E052AA803F41D4C2C55537A0 /* [CP] Check Pods Manifest.lock */ = {
			isa = PBXShellScriptBuildPhase;
			buildActionMask = 2147483647;
			files = (
			);
			inputFileListPaths = (
			);
			inputPaths = (
				"${PODS_PODFILE_DIR_PATH}/Podfile.lock",
				"${PODS_ROOT}/Manifest.lock",
			);
			name = "[CP] Check Pods Manifest.lock";
			outputFileListPaths = (
			);
			outputPaths = (
				"$(DERIVED_FILE_DIR)/Pods-instagramCloneFirebase-checkManifestLockResult.txt",
			);
			runOnlyForDeploymentPostprocessing = 0;
			shellPath = /bin/sh;
			shellScript = "diff \"${PODS_PODFILE_DIR_PATH}/Podfile.lock\" \"${PODS_ROOT}/Manifest.lock\" > /dev/null\nif [ $? != 0 ] ; then\n    # print error to STDERR\n    echo \"error: The sandbox is not in sync with the Podfile.lock. Run 'pod install' or update your CocoaPods installation.\" >&2\n    exit 1\nfi\n# This output is used by Xcode 'outputs' to avoid re-running this script phase.\necho \"SUCCESS\" > \"${SCRIPT_OUTPUT_FILE_0}\"\n";
			showEnvVarsInLog = 0;
		};
/* End PBXShellScriptBuildPhase section */

/* Begin PBXSourcesBuildPhase section */
		1741B44B28A3B9710075BA74 /* Sources */ = {
			isa = PBXSourcesBuildPhase;
			buildActionMask = 2147483647;
			files = (
				1741B45728A3B9710075BA74 /* ViewController.swift in Sources */,
				1741B45328A3B9710075BA74 /* AppDelegate.swift in Sources */,
				179CD1CB28A3ED3700EC19D9 /* UpLoadViewController.swift in Sources */,
				179CD1C928A3ED2500EC19D9 /* FeedViewController.swift in Sources */,
				1741B45528A3B9710075BA74 /* SceneDelegate.swift in Sources */,
				179CD1CD28A3ED5100EC19D9 /* SettingsViewController.swift in Sources */,
			);
			runOnlyForDeploymentPostprocessing = 0;
		};
/* End PBXSourcesBuildPhase section */

/* Begin PBXVariantGroup section */
		1741B45828A3B9710075BA74 /* Main.storyboard */ = {
			isa = PBXVariantGroup;
			children = (
				1741B45928A3B9710075BA74 /* Base */,
			);
			name = Main.storyboard;
			sourceTree = "<group>";
		};
		1741B45D28A3B9740075BA74 /* LaunchScreen.storyboard */ = {
			isa = PBXVariantGroup;
			children = (
				1741B45E28A3B9740075BA74 /* Base */,
			);
			name = LaunchScreen.storyboard;
			sourceTree = "<group>";
		};
/* End PBXVariantGroup section */

/* Begin XCBuildConfiguration section */
		1741B46128A3B9740075BA74 /* Debug */ = {
			isa = XCBuildConfiguration;
			buildSettings = {
				ALWAYS_SEARCH_USER_PATHS = NO;
				CLANG_ANALYZER_NONNULL = YES;
				CLANG_ANALYZER_NUMBER_OBJECT_CONVERSION = YES_AGGRESSIVE;
				CLANG_CXX_LANGUAGE_STANDARD = "gnu++17";
				CLANG_ENABLE_MODULES = YES;
				CLANG_ENABLE_OBJC_ARC = YES;
				CLANG_ENABLE_OBJC_WEAK = YES;
				CLANG_WARN_BLOCK_CAPTURE_AUTORELEASING = YES;
				CLANG_WARN_BOOL_CONVERSION = YES;
				CLANG_WARN_COMMA = YES;
				CLANG_WARN_CONSTANT_CONVERSION = YES;
				CLANG_WARN_DEPRECATED_OBJC_IMPLEMENTATIONS = YES;
				CLANG_WARN_DIRECT_OBJC_ISA_USAGE = YES_ERROR;
				CLANG_WARN_DOCUMENTATION_COMMENTS = YES;
				CLANG_WARN_EMPTY_BODY = YES;
				CLANG_WARN_ENUM_CONVERSION = YES;
				CLANG_WARN_INFINITE_RECURSION = YES;
				CLANG_WARN_INT_CONVERSION = YES;
				CLANG_WARN_NON_LITERAL_NULL_CONVERSION = YES;
				CLANG_WARN_OBJC_IMPLICIT_RETAIN_SELF = YES;
				CLANG_WARN_OBJC_LITERAL_CONVERSION = YES;
				CLANG_WARN_OBJC_ROOT_CLASS = YES_ERROR;
				CLANG_WARN_QUOTED_INCLUDE_IN_FRAMEWORK_HEADER = YES;
				CLANG_WARN_RANGE_LOOP_ANALYSIS = YES;
				CLANG_WARN_STRICT_PROTOTYPES = YES;
				CLANG_WARN_SUSPICIOUS_MOVE = YES;
				CLANG_WARN_UNGUARDED_AVAILABILITY = YES_AGGRESSIVE;
				CLANG_WARN_UNREACHABLE_CODE = YES;
				CLANG_WARN__DUPLICATE_METHOD_MATCH = YES;
				COPY_PHASE_STRIP = NO;
				DEBUG_INFORMATION_FORMAT = dwarf;
				ENABLE_STRICT_OBJC_MSGSEND = YES;
				ENABLE_TESTABILITY = YES;
				GCC_C_LANGUAGE_STANDARD = gnu11;
				GCC_DYNAMIC_NO_PIC = NO;
				GCC_NO_COMMON_BLOCKS = YES;
				GCC_OPTIMIZATION_LEVEL = 0;
				GCC_PREPROCESSOR_DEFINITIONS = (
					"DEBUG=1",
					"$(inherited)",
				);
				GCC_WARN_64_TO_32_BIT_CONVERSION = YES;
				GCC_WARN_ABOUT_RETURN_TYPE = YES_ERROR;
				GCC_WARN_UNDECLARED_SELECTOR = YES;
				GCC_WARN_UNINITIALIZED_AUTOS = YES_AGGRESSIVE;
				GCC_WARN_UNUSED_FUNCTION = YES;
				GCC_WARN_UNUSED_VARIABLE = YES;
				IPHONEOS_DEPLOYMENT_TARGET = 15.4;
				MTL_ENABLE_DEBUG_INFO = INCLUDE_SOURCE;
				MTL_FAST_MATH = YES;
				ONLY_ACTIVE_ARCH = YES;
				SDKROOT = iphoneos;
				SWIFT_ACTIVE_COMPILATION_CONDITIONS = DEBUG;
				SWIFT_OPTIMIZATION_LEVEL = "-Onone";
			};
			name = Debug;
		};
		1741B46228A3B9740075BA74 /* Release */ = {
			isa = XCBuildConfiguration;
			buildSettings = {
				ALWAYS_SEARCH_USER_PATHS = NO;
				CLANG_ANALYZER_NONNULL = YES;
				CLANG_ANALYZER_NUMBER_OBJECT_CONVERSION = YES_AGGRESSIVE;
				CLANG_CXX_LANGUAGE_STANDARD = "gnu++17";
				CLANG_ENABLE_MODULES = YES;
				CLANG_ENABLE_OBJC_ARC = YES;
				CLANG_ENABLE_OBJC_WEAK = YES;
				CLANG_WARN_BLOCK_CAPTURE_AUTORELEASING = YES;
				CLANG_WARN_BOOL_CONVERSION = YES;
				CLANG_WARN_COMMA = YES;
				CLANG_WARN_CONSTANT_CONVERSION = YES;
				CLANG_WARN_DEPRECATED_OBJC_IMPLEMENTATIONS = YES;
				CLANG_WARN_DIRECT_OBJC_ISA_USAGE = YES_ERROR;
				CLANG_WARN_DOCUMENTATION_COMMENTS = YES;
				CLANG_WARN_EMPTY_BODY = YES;
				CLANG_WARN_ENUM_CONVERSION = YES;
				CLANG_WARN_INFINITE_RECURSION = YES;
				CLANG_WARN_INT_CONVERSION = YES;
				CLANG_WARN_NON_LITERAL_NULL_CONVERSION = YES;
				CLANG_WARN_OBJC_IMPLICIT_RETAIN_SELF = YES;
				CLANG_WARN_OBJC_LITERAL_CONVERSION = YES;
				CLANG_WARN_OBJC_ROOT_CLASS = YES_ERROR;
				CLANG_WARN_QUOTED_INCLUDE_IN_FRAMEWORK_HEADER = YES;
				CLANG_WARN_RANGE_LOOP_ANALYSIS = YES;
				CLANG_WARN_STRICT_PROTOTYPES = YES;
				CLANG_WARN_SUSPICIOUS_MOVE = YES;
				CLANG_WARN_UNGUARDED_AVAILABILITY = YES_AGGRESSIVE;
				CLANG_WARN_UNREACHABLE_CODE = YES;
				CLANG_WARN__DUPLICATE_METHOD_MATCH = YES;
				COPY_PHASE_STRIP = NO;
				DEBUG_INFORMATION_FORMAT = "dwarf-with-dsym";
				ENABLE_NS_ASSERTIONS = NO;
				ENABLE_STRICT_OBJC_MSGSEND = YES;
				GCC_C_LANGUAGE_STANDARD = gnu11;
				GCC_NO_COMMON_BLOCKS = YES;
				GCC_WARN_64_TO_32_BIT_CONVERSION = YES;
				GCC_WARN_ABOUT_RETURN_TYPE = YES_ERROR;
				GCC_WARN_UNDECLARED_SELECTOR = YES;
				GCC_WARN_UNINITIALIZED_AUTOS = YES_AGGRESSIVE;
				GCC_WARN_UNUSED_FUNCTION = YES;
				GCC_WARN_UNUSED_VARIABLE = YES;
				IPHONEOS_DEPLOYMENT_TARGET = 15.4;
				MTL_ENABLE_DEBUG_INFO = NO;
				MTL_FAST_MATH = YES;
				SDKROOT = iphoneos;
				SWIFT_COMPILATION_MODE = wholemodule;
				SWIFT_OPTIMIZATION_LEVEL = "-O";
				VALIDATE_PRODUCT = YES;
			};
			name = Release;
		};
		1741B46428A3B9750075BA74 /* Debug */ = {
			isa = XCBuildConfiguration;
			baseConfigurationReference = B30B1168A4942FA7FEE87DC1 /* Pods-instagramCloneFirebase.debug.xcconfig */;
			buildSettings = {
				ASSETCATALOG_COMPILER_APPICON_NAME = AppIcon;
				ASSETCATALOG_COMPILER_GLOBAL_ACCENT_COLOR_NAME = AccentColor;
				CODE_SIGN_STYLE = Automatic;
				CURRENT_PROJECT_VERSION = 1;
				DEVELOPMENT_TEAM = UD84BLAXT6;
				GENERATE_INFOPLIST_FILE = YES;
				INFOPLIST_FILE = instagramCloneFirebase/Info.plist;
				INFOPLIST_KEY_UIApplicationSupportsIndirectInputEvents = YES;
				INFOPLIST_KEY_UILaunchStoryboardName = LaunchScreen;
				INFOPLIST_KEY_UIMainStoryboardFile = Main;
				INFOPLIST_KEY_UISupportedInterfaceOrientations_iPad = "UIInterfaceOrientationPortrait UIInterfaceOrientationPortraitUpsideDown UIInterfaceOrientationLandscapeLeft UIInterfaceOrientationLandscapeRight";
				INFOPLIST_KEY_UISupportedInterfaceOrientations_iPhone = "UIInterfaceOrientationPortrait UIInterfaceOrientationLandscapeLeft UIInterfaceOrientationLandscapeRight";
				LD_RUNPATH_SEARCH_PATHS = (
					"$(inherited)",
					"@executable_path/Frameworks",
				);
				MARKETING_VERSION = 1.0;
				PRODUCT_BUNDLE_IDENTIFIER = com.kiliclimehmetali.instagramCloneFirebase;
				PRODUCT_NAME = "$(TARGET_NAME)";
				SWIFT_EMIT_LOC_STRINGS = YES;
				SWIFT_VERSION = 5.0;
				TARGETED_DEVICE_FAMILY = "1,2";
			};
			name = Debug;
		};
		1741B46528A3B9750075BA74 /* Release */ = {
			isa = XCBuildConfiguration;
			baseConfigurationReference = F8318BF183F8D49B85C2BF20 /* Pods-instagramCloneFirebase.release.xcconfig */;
			buildSettings = {
				ASSETCATALOG_COMPILER_APPICON_NAME = AppIcon;
				ASSETCATALOG_COMPILER_GLOBAL_ACCENT_COLOR_NAME = AccentColor;
				CODE_SIGN_STYLE = Automatic;
				CURRENT_PROJECT_VERSION = 1;
				DEVELOPMENT_TEAM = UD84BLAXT6;
				GENERATE_INFOPLIST_FILE = YES;
				INFOPLIST_FILE = instagramCloneFirebase/Info.plist;
				INFOPLIST_KEY_UIApplicationSupportsIndirectInputEvents = YES;
				INFOPLIST_KEY_UILaunchStoryboardName = LaunchScreen;
				INFOPLIST_KEY_UIMainStoryboardFile = Main;
				INFOPLIST_KEY_UISupportedInterfaceOrientations_iPad = "UIInterfaceOrientationPortrait UIInterfaceOrientationPortraitUpsideDown UIInterfaceOrientationLandscapeLeft UIInterfaceOrientationLandscapeRight";
				INFOPLIST_KEY_UISupportedInterfaceOrientations_iPhone = "UIInterfaceOrientationPortrait UIInterfaceOrientationLandscapeLeft UIInterfaceOrientationLandscapeRight";
				LD_RUNPATH_SEARCH_PATHS = (
					"$(inherited)",
					"@executable_path/Frameworks",
				);
				MARKETING_VERSION = 1.0;
				PRODUCT_BUNDLE_IDENTIFIER = com.kiliclimehmetali.instagramCloneFirebase;
				PRODUCT_NAME = "$(TARGET_NAME)";
				SWIFT_EMIT_LOC_STRINGS = YES;
				SWIFT_VERSION = 5.0;
				TARGETED_DEVICE_FAMILY = "1,2";
			};
			name = Release;
		};
/* End XCBuildConfiguration section */

/* Begin XCConfigurationList section */
		1741B44A28A3B9710075BA74 /* Build configuration list for PBXProject "instagramCloneFirebase" */ = {
			isa = XCConfigurationList;
			buildConfigurations = (
				1741B46128A3B9740075BA74 /* Debug */,
				1741B46228A3B9740075BA74 /* Release */,
			);
			defaultConfigurationIsVisible = 0;
			defaultConfigurationName = Release;
		};
		1741B46328A3B9750075BA74 /* Build configuration list for PBXNativeTarget "instagramCloneFirebase" */ = {
			isa = XCConfigurationList;
			buildConfigurations = (
				1741B46428A3B9750075BA74 /* Debug */,
				1741B46528A3B9750075BA74 /* Release */,
			);
			defaultConfigurationIsVisible = 0;
			defaultConfigurationName = Release;
		};
/* End XCConfigurationList section */
	};
	rootObject = 1741B44728A3B9710075BA74 /* Project object */;
}
