// !$*UTF8*$!
{
	archiveVersion = 1;
	classes = {
	};
	objectVersion = 55;
	objects = {

/* Begin PBXBuildFile section */
		173C150928C89B80008802B2 /* UserModelNetworkChangeApp.swift in Sources */ = {isa = PBXBuildFile; fileRef = 173C150828C89B80008802B2 /* UserModelNetworkChangeApp.swift */; };
		173C150B28C89B80008802B2 /* ContentView.swift in Sources */ = {isa = PBXBuildFile; fileRef = 173C150A28C89B80008802B2 /* ContentView.swift */; };
		173C150D28C89B81008802B2 /* Assets.xcassets in Resources */ = {isa = PBXBuildFile; fileRef = 173C150C28C89B81008802B2 /* Assets.xcassets */; };
		173C151028C89B81008802B2 /* Preview Assets.xcassets in Resources */ = {isa = PBXBuildFile; fileRef = 173C150F28C89B81008802B2 /* Preview Assets.xcassets */; };
		173C151828C89BB5008802B2 /* UserModel.swift in Sources */ = {isa = PBXBuildFile; fileRef = 173C151728C89BB5008802B2 /* UserModel.swift */; };
		173C151B28C89BCD008802B2 /* Webservice.swift in Sources */ = {isa = PBXBuildFile; fileRef = 173C151A28C89BCD008802B2 /* Webservice.swift */; };
		173C151E28C89EC8008802B2 /* UserViewModel.swift in Sources */ = {isa = PBXBuildFile; fileRef = 173C151D28C89EC8008802B2 /* UserViewModel.swift */; };
		173C152128C89FB0008802B2 /* Constants.swift in Sources */ = {isa = PBXBuildFile; fileRef = 173C152028C89FB0008802B2 /* Constants.swift */; };
		173C152328C8AF2F008802B2 /* users.json in Resources */ = {isa = PBXBuildFile; fileRef = 173C152228C8AF2F008802B2 /* users.json */; };
		173C152528C8AF49008802B2 /* Localservice.swift in Sources */ = {isa = PBXBuildFile; fileRef = 173C152428C8AF49008802B2 /* Localservice.swift */; };
		173C152728C8B336008802B2 /* NetworkService.swift in Sources */ = {isa = PBXBuildFile; fileRef = 173C152628C8B336008802B2 /* NetworkService.swift */; };
/* End PBXBuildFile section */

/* Begin PBXFileReference section */
		173C150528C89B80008802B2 /* UserModelNetworkChange.app */ = {isa = PBXFileReference; explicitFileType = wrapper.application; includeInIndex = 0; path = UserModelNetworkChange.app; sourceTree = BUILT_PRODUCTS_DIR; };
		173C150828C89B80008802B2 /* UserModelNetworkChangeApp.swift */ = {isa = PBXFileReference; lastKnownFileType = sourcecode.swift; path = UserModelNetworkChangeApp.swift; sourceTree = "<group>"; };
		173C150A28C89B80008802B2 /* ContentView.swift */ = {isa = PBXFileReference; lastKnownFileType = sourcecode.swift; path = ContentView.swift; sourceTree = "<group>"; };
		173C150C28C89B81008802B2 /* Assets.xcassets */ = {isa = PBXFileReference; lastKnownFileType = folder.assetcatalog; path = Assets.xcassets; sourceTree = "<group>"; };
		173C150F28C89B81008802B2 /* Preview Assets.xcassets */ = {isa = PBXFileReference; lastKnownFileType = folder.assetcatalog; path = "Preview Assets.xcassets"; sourceTree = "<group>"; };
		173C151728C89BB5008802B2 /* UserModel.swift */ = {isa = PBXFileReference; lastKnownFileType = sourcecode.swift; path = UserModel.swift; sourceTree = "<group>"; };
		173C151A28C89BCD008802B2 /* Webservice.swift */ = {isa = PBXFileReference; lastKnownFileType = sourcecode.swift; path = Webservice.swift; sourceTree = "<group>"; };
		173C151D28C89EC8008802B2 /* UserViewModel.swift */ = {isa = PBXFileReference; lastKnownFileType = sourcecode.swift; path = UserViewModel.swift; sourceTree = "<group>"; };
		173C152028C89FB0008802B2 /* Constants.swift */ = {isa = PBXFileReference; lastKnownFileType = sourcecode.swift; path = Constants.swift; sourceTree = "<group>"; };
		173C152228C8AF2F008802B2 /* users.json */ = {isa = PBXFileReference; fileEncoding = 4; lastKnownFileType = text.json; path = users.json; sourceTree = "<group>"; };
		173C152428C8AF49008802B2 /* Localservice.swift */ = {isa = PBXFileReference; lastKnownFileType = sourcecode.swift; path = Localservice.swift; sourceTree = "<group>"; };
		173C152628C8B336008802B2 /* NetworkService.swift */ = {isa = PBXFileReference; lastKnownFileType = sourcecode.swift; path = NetworkService.swift; sourceTree = "<group>"; };
/* End PBXFileReference section */

/* Begin PBXFrameworksBuildPhase section */
		173C150228C89B80008802B2 /* Frameworks */ = {
			isa = PBXFrameworksBuildPhase;
			buildActionMask = 2147483647;
			files = (
			);
			runOnlyForDeploymentPostprocessing = 0;
		};
/* End PBXFrameworksBuildPhase section */

/* Begin PBXGroup section */
		173C14FC28C89B80008802B2 = {
			isa = PBXGroup;
			children = (
				173C150728C89B80008802B2 /* UserModelNetworkChange */,
				173C150628C89B80008802B2 /* Products */,
			);
			sourceTree = "<group>";
		};
		173C150628C89B80008802B2 /* Products */ = {
			isa = PBXGroup;
			children = (
				173C150528C89B80008802B2 /* UserModelNetworkChange.app */,
			);
			name = Products;
			sourceTree = "<group>";
		};
		173C150728C89B80008802B2 /* UserModelNetworkChange */ = {
			isa = PBXGroup;
			children = (
				173C152228C8AF2F008802B2 /* users.json */,
				173C151F28C89F9D008802B2 /* Constants */,
				173C151C28C89BD2008802B2 /* ViewModel */,
				173C151928C89BBD008802B2 /* Service */,
				173C151628C89B9A008802B2 /* Model */,
				173C150828C89B80008802B2 /* UserModelNetworkChangeApp.swift */,
				173C150A28C89B80008802B2 /* ContentView.swift */,
				173C150C28C89B81008802B2 /* Assets.xcassets */,
				173C150E28C89B81008802B2 /* Preview Content */,
			);
			path = UserModelNetworkChange;
			sourceTree = "<group>";
		};
		173C150E28C89B81008802B2 /* Preview Content */ = {
			isa = PBXGroup;
			children = (
				173C150F28C89B81008802B2 /* Preview Assets.xcassets */,
			);
			path = "Preview Content";
			sourceTree = "<group>";
		};
		173C151628C89B9A008802B2 /* Model */ = {
			isa = PBXGroup;
			children = (
				173C151728C89BB5008802B2 /* UserModel.swift */,
			);
			path = Model;
			sourceTree = "<group>";
		};
		173C151928C89BBD008802B2 /* Service */ = {
			isa = PBXGroup;
			children = (
				173C151A28C89BCD008802B2 /* Webservice.swift */,
				173C152428C8AF49008802B2 /* Localservice.swift */,
				173C152628C8B336008802B2 /* NetworkService.swift */,
			);
			path = Service;
			sourceTree = "<group>";
		};
		173C151C28C89BD2008802B2 /* ViewModel */ = {
			isa = PBXGroup;
			children = (
				173C151D28C89EC8008802B2 /* UserViewModel.swift */,
			);
			path = ViewModel;
			sourceTree = "<group>";
		};
		173C151F28C89F9D008802B2 /* Constants */ = {
			isa = PBXGroup;
			children = (
				173C152028C89FB0008802B2 /* Constants.swift */,
			);
			path = Constants;
			sourceTree = "<group>";
		};
/* End PBXGroup section */

/* Begin PBXNativeTarget section */
		173C150428C89B80008802B2 /* UserModelNetworkChange */ = {
			isa = PBXNativeTarget;
			buildConfigurationList = 173C151328C89B81008802B2 /* Build configuration list for PBXNativeTarget "UserModelNetworkChange" */;
			buildPhases = (
				173C150128C89B80008802B2 /* Sources */,
				173C150228C89B80008802B2 /* Frameworks */,
				173C150328C89B80008802B2 /* Resources */,
			);
			buildRules = (
			);
			dependencies = (
			);
			name = UserModelNetworkChange;
			productName = UserModelNetworkChange;
			productReference = 173C150528C89B80008802B2 /* UserModelNetworkChange.app */;
			productType = "com.apple.product-type.application";
		};
/* End PBXNativeTarget section */

/* Begin PBXProject section */
		173C14FD28C89B80008802B2 /* Project object */ = {
			isa = PBXProject;
			attributes = {
				BuildIndependentTargetsInParallel = 1;
				LastSwiftUpdateCheck = 1330;
				LastUpgradeCheck = 1330;
				TargetAttributes = {
					173C150428C89B80008802B2 = {
						CreatedOnToolsVersion = 13.3.1;
					};
				};
			};
			buildConfigurationList = 173C150028C89B80008802B2 /* Build configuration list for PBXProject "UserModelNetworkChange" */;
			compatibilityVersion = "Xcode 13.0";
			developmentRegion = en;
			hasScannedForEncodings = 0;
			knownRegions = (
				en,
				Base,
			);
			mainGroup = 173C14FC28C89B80008802B2;
			productRefGroup = 173C150628C89B80008802B2 /* Products */;
			projectDirPath = "";
			projectRoot = "";
			targets = (
				173C150428C89B80008802B2 /* UserModelNetworkChange */,
			);
		};
/* End PBXProject section */

/* Begin PBXResourcesBuildPhase section */
		173C150328C89B80008802B2 /* Resources */ = {
			isa = PBXResourcesBuildPhase;
			buildActionMask = 2147483647;
			files = (
				173C152328C8AF2F008802B2 /* users.json in Resources */,
				173C151028C89B81008802B2 /* Preview Assets.xcassets in Resources */,
				173C150D28C89B81008802B2 /* Assets.xcassets in Resources */,
			);
			runOnlyForDeploymentPostprocessing = 0;
		};
/* End PBXResourcesBuildPhase section */

/* Begin PBXSourcesBuildPhase section */
		173C150128C89B80008802B2 /* Sources */ = {
			isa = PBXSourcesBuildPhase;
			buildActionMask = 2147483647;
			files = (
				173C152528C8AF49008802B2 /* Localservice.swift in Sources */,
				173C150B28C89B80008802B2 /* ContentView.swift in Sources */,
				173C152728C8B336008802B2 /* NetworkService.swift in Sources */,
				173C151828C89BB5008802B2 /* UserModel.swift in Sources */,
				173C151B28C89BCD008802B2 /* Webservice.swift in Sources */,
				173C151E28C89EC8008802B2 /* UserViewModel.swift in Sources */,
				173C150928C89B80008802B2 /* UserModelNetworkChangeApp.swift in Sources */,
				173C152128C89FB0008802B2 /* Constants.swift in Sources */,
			);
			runOnlyForDeploymentPostprocessing = 0;
		};
/* End PBXSourcesBuildPhase section */

/* Begin XCBuildConfiguration section */
		173C151128C89B81008802B2 /* Debug */ = {
			isa = XCBuildConfiguration;
			buildSettings = {
				ALWAYS_SEARCH_USER_PATHS = NO;
				CLANG_ANALYZER_NONNULL = YES;
				CLANG_ANALYZER_NUMBER_OBJECT_CONVERSION = YES_AGGRESSIVE;
				CLANG_CXX_LANGUAGE_STANDARD = "gnu++17";
				CLANG_ENABLE_MODULES = YES;
				CLANG_ENABLE_OBJC_ARC = YES;
				CLANG_ENABLE_OBJC_WEAK = YES;
				CLANG_WARN_BLOCK_CAPTURE_AUTORELEASING = YES;
				CLANG_WARN_BOOL_CONVERSION = YES;
				CLANG_WARN_COMMA = YES;
				CLANG_WARN_CONSTANT_CONVERSION = YES;
				CLANG_WARN_DEPRECATED_OBJC_IMPLEMENTATIONS = YES;
				CLANG_WARN_DIRECT_OBJC_ISA_USAGE = YES_ERROR;
				CLANG_WARN_DOCUMENTATION_COMMENTS = YES;
				CLANG_WARN_EMPTY_BODY = YES;
				CLANG_WARN_ENUM_CONVERSION = YES;
				CLANG_WARN_INFINITE_RECURSION = YES;
				CLANG_WARN_INT_CONVERSION = YES;
				CLANG_WARN_NON_LITERAL_NULL_CONVERSION = YES;
				CLANG_WARN_OBJC_IMPLICIT_RETAIN_SELF = YES;
				CLANG_WARN_OBJC_LITERAL_CONVERSION = YES;
				CLANG_WARN_OBJC_ROOT_CLASS = YES_ERROR;
				CLANG_WARN_QUOTED_INCLUDE_IN_FRAMEWORK_HEADER = YES;
				CLANG_WARN_RANGE_LOOP_ANALYSIS = YES;
				CLANG_WARN_STRICT_PROTOTYPES = YES;
				CLANG_WARN_SUSPICIOUS_MOVE = YES;
				CLANG_WARN_UNGUARDED_AVAILABILITY = YES_AGGRESSIVE;
				CLANG_WARN_UNREACHABLE_CODE = YES;
				CLANG_WARN__DUPLICATE_METHOD_MATCH = YES;
				COPY_PHASE_STRIP = NO;
				DEBUG_INFORMATION_FORMAT = dwarf;
				ENABLE_STRICT_OBJC_MSGSEND = YES;
				ENABLE_TESTABILITY = YES;
				GCC_C_LANGUAGE_STANDARD = gnu11;
				GCC_DYNAMIC_NO_PIC = NO;
				GCC_NO_COMMON_BLOCKS = YES;
				GCC_OPTIMIZATION_LEVEL = 0;
				GCC_PREPROCESSOR_DEFINITIONS = (
					"DEBUG=1",
					"$(inherited)",
				);
				GCC_WARN_64_TO_32_BIT_CONVERSION = YES;
				GCC_WARN_ABOUT_RETURN_TYPE = YES_ERROR;
				GCC_WARN_UNDECLARED_SELECTOR = YES;
				GCC_WARN_UNINITIALIZED_AUTOS = YES_AGGRESSIVE;
				GCC_WARN_UNUSED_FUNCTION = YES;
				GCC_WARN_UNUSED_VARIABLE = YES;
				IPHONEOS_DEPLOYMENT_TARGET = 15.4;
				MTL_ENABLE_DEBUG_INFO = INCLUDE_SOURCE;
				MTL_FAST_MATH = YES;
				ONLY_ACTIVE_ARCH = YES;
				SDKROOT = iphoneos;
				SWIFT_ACTIVE_COMPILATION_CONDITIONS = DEBUG;
				SWIFT_OPTIMIZATION_LEVEL = "-Onone";
			};
			name = Debug;
		};
		173C151228C89B81008802B2 /* Release */ = {
			isa = XCBuildConfiguration;
			buildSettings = {
				ALWAYS_SEARCH_USER_PATHS = NO;
				CLANG_ANALYZER_NONNULL = YES;
				CLANG_ANALYZER_NUMBER_OBJECT_CONVERSION = YES_AGGRESSIVE;
				CLANG_CXX_LANGUAGE_STANDARD = "gnu++17";
				CLANG_ENABLE_MODULES = YES;
				CLANG_ENABLE_OBJC_ARC = YES;
				CLANG_ENABLE_OBJC_WEAK = YES;
				CLANG_WARN_BLOCK_CAPTURE_AUTORELEASING = YES;
				CLANG_WARN_BOOL_CONVERSION = YES;
				CLANG_WARN_COMMA = YES;
				CLANG_WARN_CONSTANT_CONVERSION = YES;
				CLANG_WARN_DEPRECATED_OBJC_IMPLEMENTATIONS = YES;
				CLANG_WARN_DIRECT_OBJC_ISA_USAGE = YES_ERROR;
				CLANG_WARN_DOCUMENTATION_COMMENTS = YES;
				CLANG_WARN_EMPTY_BODY = YES;
				CLANG_WARN_ENUM_CONVERSION = YES;
				CLANG_WARN_INFINITE_RECURSION = YES;
				CLANG_WARN_INT_CONVERSION = YES;
				CLANG_WARN_NON_LITERAL_NULL_CONVERSION = YES;
				CLANG_WARN_OBJC_IMPLICIT_RETAIN_SELF = YES;
				CLANG_WARN_OBJC_LITERAL_CONVERSION = YES;
				CLANG_WARN_OBJC_ROOT_CLASS = YES_ERROR;
				CLANG_WARN_QUOTED_INCLUDE_IN_FRAMEWORK_HEADER = YES;
				CLANG_WARN_RANGE_LOOP_ANALYSIS = YES;
				CLANG_WARN_STRICT_PROTOTYPES = YES;
				CLANG_WARN_SUSPICIOUS_MOVE = YES;
				CLANG_WARN_UNGUARDED_AVAILABILITY = YES_AGGRESSIVE;
				CLANG_WARN_UNREACHABLE_CODE = YES;
				CLANG_WARN__DUPLICATE_METHOD_MATCH = YES;
				COPY_PHASE_STRIP = NO;
				DEBUG_INFORMATION_FORMAT = "dwarf-with-dsym";
				ENABLE_NS_ASSERTIONS = NO;
				ENABLE_STRICT_OBJC_MSGSEND = YES;
				GCC_C_LANGUAGE_STANDARD = gnu11;
				GCC_NO_COMMON_BLOCKS = YES;
				GCC_WARN_64_TO_32_BIT_CONVERSION = YES;
				GCC_WARN_ABOUT_RETURN_TYPE = YES_ERROR;
				GCC_WARN_UNDECLARED_SELECTOR = YES;
				GCC_WARN_UNINITIALIZED_AUTOS = YES_AGGRESSIVE;
				GCC_WARN_UNUSED_FUNCTION = YES;
				GCC_WARN_UNUSED_VARIABLE = YES;
				IPHONEOS_DEPLOYMENT_TARGET = 15.4;
				MTL_ENABLE_DEBUG_INFO = NO;
				MTL_FAST_MATH = YES;
				SDKROOT = iphoneos;
				SWIFT_COMPILATION_MODE = wholemodule;
				SWIFT_OPTIMIZATION_LEVEL = "-O";
				VALIDATE_PRODUCT = YES;
			};
			name = Release;
		};
		173C151428C89B81008802B2 /* Debug */ = {
			isa = XCBuildConfiguration;
			buildSettings = {
				ASSETCATALOG_COMPILER_APPICON_NAME = AppIcon;
				ASSETCATALOG_COMPILER_GLOBAL_ACCENT_COLOR_NAME = AccentColor;
				CODE_SIGN_STYLE = Automatic;
				CURRENT_PROJECT_VERSION = 1;
				DEVELOPMENT_ASSET_PATHS = "\"UserModelNetworkChange/Preview Content\"";
				DEVELOPMENT_TEAM = UD84BLAXT6;
				ENABLE_PREVIEWS = YES;
				GENERATE_INFOPLIST_FILE = YES;
				INFOPLIST_KEY_UIApplicationSceneManifest_Generation = YES;
				INFOPLIST_KEY_UIApplicationSupportsIndirectInputEvents = YES;
				INFOPLIST_KEY_UILaunchScreen_Generation = YES;
				INFOPLIST_KEY_UISupportedInterfaceOrientations_iPad = "UIInterfaceOrientationPortrait UIInterfaceOrientationPortraitUpsideDown UIInterfaceOrientationLandscapeLeft UIInterfaceOrientationLandscapeRight";
				INFOPLIST_KEY_UISupportedInterfaceOrientations_iPhone = "UIInterfaceOrientationPortrait UIInterfaceOrientationLandscapeLeft UIInterfaceOrientationLandscapeRight";
				LD_RUNPATH_SEARCH_PATHS = (
					"$(inherited)",
					"@executable_path/Frameworks",
				);
				MARKETING_VERSION = 1.0;
				PRODUCT_BUNDLE_IDENTIFIER = com.kiliclimehmetali.UserModelNetworkChange;
				PRODUCT_NAME = "$(TARGET_NAME)";
				SWIFT_EMIT_LOC_STRINGS = YES;
				SWIFT_VERSION = 5.0;
				TARGETED_DEVICE_FAMILY = "1,2";
			};
			name = Debug;
		};
		173C151528C89B81008802B2 /* Release */ = {
			isa = XCBuildConfiguration;
			buildSettings = {
				ASSETCATALOG_COMPILER_APPICON_NAME = AppIcon;
				ASSETCATALOG_COMPILER_GLOBAL_ACCENT_COLOR_NAME = AccentColor;
				CODE_SIGN_STYLE = Automatic;
				CURRENT_PROJECT_VERSION = 1;
				DEVELOPMENT_ASSET_PATHS = "\"UserModelNetworkChange/Preview Content\"";
				DEVELOPMENT_TEAM = UD84BLAXT6;
				ENABLE_PREVIEWS = YES;
				GENERATE_INFOPLIST_FILE = YES;
				INFOPLIST_KEY_UIApplicationSceneManifest_Generation = YES;
				INFOPLIST_KEY_UIApplicationSupportsIndirectInputEvents = YES;
				INFOPLIST_KEY_UILaunchScreen_Generation = YES;
				INFOPLIST_KEY_UISupportedInterfaceOrientations_iPad = "UIInterfaceOrientationPortrait UIInterfaceOrientationPortraitUpsideDown UIInterfaceOrientationLandscapeLeft UIInterfaceOrientationLandscapeRight";
				INFOPLIST_KEY_UISupportedInterfaceOrientations_iPhone = "UIInterfaceOrientationPortrait UIInterfaceOrientationLandscapeLeft UIInterfaceOrientationLandscapeRight";
				LD_RUNPATH_SEARCH_PATHS = (
					"$(inherited)",
					"@executable_path/Frameworks",
				);
				MARKETING_VERSION = 1.0;
				PRODUCT_BUNDLE_IDENTIFIER = com.kiliclimehmetali.UserModelNetworkChange;
				PRODUCT_NAME = "$(TARGET_NAME)";
				SWIFT_EMIT_LOC_STRINGS = YES;
				SWIFT_VERSION = 5.0;
				TARGETED_DEVICE_FAMILY = "1,2";
			};
			name = Release;
		};
/* End XCBuildConfiguration section */

/* Begin XCConfigurationList section */
		173C150028C89B80008802B2 /* Build configuration list for PBXProject "UserModelNetworkChange" */ = {
			isa = XCConfigurationList;
			buildConfigurations = (
				173C151128C89B81008802B2 /* Debug */,
				173C151228C89B81008802B2 /* Release */,
			);
			defaultConfigurationIsVisible = 0;
			defaultConfigurationName = Release;
		};
		173C151328C89B81008802B2 /* Build configuration list for PBXNativeTarget "UserModelNetworkChange" */ = {
			isa = XCConfigurationList;
			buildConfigurations = (
				173C151428C89B81008802B2 /* Debug */,
				173C151528C89B81008802B2 /* Release */,
			);
			defaultConfigurationIsVisible = 0;
			defaultConfigurationName = Release;
		};
/* End XCConfigurationList section */
	};
	rootObject = 173C14FD28C89B80008802B2 /* Project object */;
}
