// !$*UTF8*$!
{
	archiveVersion = 1;
	classes = {
	};
	objectVersion = 55;
	objects = {

/* Begin PBXBuildFile section */
		171412E528CF520D008F10F2 /* Alamofire in Frameworks */ = {isa = PBXBuildFile; productRef = 171412E428CF520D008F10F2 /* Alamofire */; };
		171412E928CF53F7008F10F2 /* Constants.swift in Sources */ = {isa = PBXBuildFile; fileRef = 171412E828CF53F7008F10F2 /* Constants.swift */; };
		171412F728CF5FAD008F10F2 /* GetCategoriesService.swift in Sources */ = {isa = PBXBuildFile; fileRef = 171412F628CF5FAD008F10F2 /* GetCategoriesService.swift */; };
		171E9EAF28CC7CB8003C8BEB /* AppDelegate.swift in Sources */ = {isa = PBXBuildFile; fileRef = 171E9EAE28CC7CB8003C8BEB /* AppDelegate.swift */; };
		171E9EB128CC7CB8003C8BEB /* SceneDelegate.swift in Sources */ = {isa = PBXBuildFile; fileRef = 171E9EB028CC7CB8003C8BEB /* SceneDelegate.swift */; };
		171E9EB328CC7CB8003C8BEB /* ViewController.swift in Sources */ = {isa = PBXBuildFile; fileRef = 171E9EB228CC7CB8003C8BEB /* ViewController.swift */; };
		171E9EB628CC7CB8003C8BEB /* Main.storyboard in Resources */ = {isa = PBXBuildFile; fileRef = 171E9EB428CC7CB8003C8BEB /* Main.storyboard */; };
		171E9EB828CC7CBA003C8BEB /* Assets.xcassets in Resources */ = {isa = PBXBuildFile; fileRef = 171E9EB728CC7CBA003C8BEB /* Assets.xcassets */; };
		171E9EBB28CC7CBA003C8BEB /* LaunchScreen.storyboard in Resources */ = {isa = PBXBuildFile; fileRef = 171E9EB928CC7CBA003C8BEB /* LaunchScreen.storyboard */; };
		1720324828D0791700B70A64 /* Data.swift in Sources */ = {isa = PBXBuildFile; fileRef = 1720324728D0791700B70A64 /* Data.swift */; };
		1720324A28D0791C00B70A64 /* Json4Swift_Base.swift in Sources */ = {isa = PBXBuildFile; fileRef = 1720324928D0791C00B70A64 /* Json4Swift_Base.swift */; };
/* End PBXBuildFile section */

/* Begin PBXFileReference section */
		171412E828CF53F7008F10F2 /* Constants.swift */ = {isa = PBXFileReference; lastKnownFileType = sourcecode.swift; path = Constants.swift; sourceTree = "<group>"; };
		171412F628CF5FAD008F10F2 /* GetCategoriesService.swift */ = {isa = PBXFileReference; lastKnownFileType = sourcecode.swift; path = GetCategoriesService.swift; sourceTree = "<group>"; };
		171E9EAB28CC7CB8003C8BEB /* ApiTest.app */ = {isa = PBXFileReference; explicitFileType = wrapper.application; includeInIndex = 0; path = ApiTest.app; sourceTree = BUILT_PRODUCTS_DIR; };
		171E9EAE28CC7CB8003C8BEB /* AppDelegate.swift */ = {isa = PBXFileReference; lastKnownFileType = sourcecode.swift; path = AppDelegate.swift; sourceTree = "<group>"; };
		171E9EB028CC7CB8003C8BEB /* SceneDelegate.swift */ = {isa = PBXFileReference; lastKnownFileType = sourcecode.swift; path = SceneDelegate.swift; sourceTree = "<group>"; };
		171E9EB228CC7CB8003C8BEB /* ViewController.swift */ = {isa = PBXFileReference; lastKnownFileType = sourcecode.swift; path = ViewController.swift; sourceTree = "<group>"; };
		171E9EB528CC7CB8003C8BEB /* Base */ = {isa = PBXFileReference; lastKnownFileType = file.storyboard; name = Base; path = Base.lproj/Main.storyboard; sourceTree = "<group>"; };
		171E9EB728CC7CBA003C8BEB /* Assets.xcassets */ = {isa = PBXFileReference; lastKnownFileType = folder.assetcatalog; path = Assets.xcassets; sourceTree = "<group>"; };
		171E9EBA28CC7CBA003C8BEB /* Base */ = {isa = PBXFileReference; lastKnownFileType = file.storyboard; name = Base; path = Base.lproj/LaunchScreen.storyboard; sourceTree = "<group>"; };
		171E9EBC28CC7CBA003C8BEB /* Info.plist */ = {isa = PBXFileReference; lastKnownFileType = text.plist.xml; path = Info.plist; sourceTree = "<group>"; };
		1720324728D0791700B70A64 /* Data.swift */ = {isa = PBXFileReference; fileEncoding = 4; lastKnownFileType = sourcecode.swift; path = Data.swift; sourceTree = "<group>"; };
		1720324928D0791C00B70A64 /* Json4Swift_Base.swift */ = {isa = PBXFileReference; fileEncoding = 4; lastKnownFileType = sourcecode.swift; path = Json4Swift_Base.swift; sourceTree = "<group>"; };
/* End PBXFileReference section */

/* Begin PBXFrameworksBuildPhase section */
		171E9EA828CC7CB8003C8BEB /* Frameworks */ = {
			isa = PBXFrameworksBuildPhase;
			buildActionMask = 2147483647;
			files = (
				171412E528CF520D008F10F2 /* Alamofire in Frameworks */,
			);
			runOnlyForDeploymentPostprocessing = 0;
		};
/* End PBXFrameworksBuildPhase section */

/* Begin PBXGroup section */
		171412EC28CF5E0C008F10F2 /* Model */ = {
			isa = PBXGroup;
			children = (
				1720324B28D0795900B70A64 /* CategoriesModel */,
			);
			path = Model;
			sourceTree = "<group>";
		};
		171412EE28CF5E1F008F10F2 /* View */ = {
			isa = PBXGroup;
			children = (
				171E9EAE28CC7CB8003C8BEB /* AppDelegate.swift */,
				171E9EB028CC7CB8003C8BEB /* SceneDelegate.swift */,
				171E9EB228CC7CB8003C8BEB /* ViewController.swift */,
			);
			path = View;
			sourceTree = "<group>";
		};
		171412EF28CF5E24008F10F2 /* ViewModel */ = {
			isa = PBXGroup;
			children = (
			);
			path = ViewModel;
			sourceTree = "<group>";
		};
		171412F028CF5E2D008F10F2 /* Service */ = {
			isa = PBXGroup;
			children = (
				171412F628CF5FAD008F10F2 /* GetCategoriesService.swift */,
			);
			path = Service;
			sourceTree = "<group>";
		};
		171412F128CF5E3C008F10F2 /* Constants */ = {
			isa = PBXGroup;
			children = (
				171412E828CF53F7008F10F2 /* Constants.swift */,
			);
			path = Constants;
			sourceTree = "<group>";
		};
		171E9EA228CC7CB8003C8BEB = {
			isa = PBXGroup;
			children = (
				171E9EAD28CC7CB8003C8BEB /* ApiTest */,
				171E9EAC28CC7CB8003C8BEB /* Products */,
			);
			sourceTree = "<group>";
		};
		171E9EAC28CC7CB8003C8BEB /* Products */ = {
			isa = PBXGroup;
			children = (
				171E9EAB28CC7CB8003C8BEB /* ApiTest.app */,
			);
			name = Products;
			sourceTree = "<group>";
		};
		171E9EAD28CC7CB8003C8BEB /* ApiTest */ = {
			isa = PBXGroup;
			children = (
				171412F128CF5E3C008F10F2 /* Constants */,
				171412F028CF5E2D008F10F2 /* Service */,
				171412EF28CF5E24008F10F2 /* ViewModel */,
				171412EE28CF5E1F008F10F2 /* View */,
				171412EC28CF5E0C008F10F2 /* Model */,
				171E9EB428CC7CB8003C8BEB /* Main.storyboard */,
				171E9EB728CC7CBA003C8BEB /* Assets.xcassets */,
				171E9EB928CC7CBA003C8BEB /* LaunchScreen.storyboard */,
				171E9EBC28CC7CBA003C8BEB /* Info.plist */,
			);
			path = ApiTest;
			sourceTree = "<group>";
		};
		1720324B28D0795900B70A64 /* CategoriesModel */ = {
			isa = PBXGroup;
			children = (
				1720324728D0791700B70A64 /* Data.swift */,
				1720324928D0791C00B70A64 /* Json4Swift_Base.swift */,
			);
			path = CategoriesModel;
			sourceTree = "<group>";
		};
/* End PBXGroup section */

/* Begin PBXNativeTarget section */
		171E9EAA28CC7CB8003C8BEB /* ApiTest */ = {
			isa = PBXNativeTarget;
			buildConfigurationList = 171E9EBF28CC7CBA003C8BEB /* Build configuration list for PBXNativeTarget "ApiTest" */;
			buildPhases = (
				171E9EA728CC7CB8003C8BEB /* Sources */,
				171E9EA828CC7CB8003C8BEB /* Frameworks */,
				171E9EA928CC7CB8003C8BEB /* Resources */,
			);
			buildRules = (
			);
			dependencies = (
			);
			name = ApiTest;
			packageProductDependencies = (
				171412E428CF520D008F10F2 /* Alamofire */,
			);
			productName = ApiTest;
			productReference = 171E9EAB28CC7CB8003C8BEB /* ApiTest.app */;
			productType = "com.apple.product-type.application";
		};
/* End PBXNativeTarget section */

/* Begin PBXProject section */
		171E9EA328CC7CB8003C8BEB /* Project object */ = {
			isa = PBXProject;
			attributes = {
				BuildIndependentTargetsInParallel = 1;
				LastSwiftUpdateCheck = 1330;
				LastUpgradeCheck = 1330;
				TargetAttributes = {
					171E9EAA28CC7CB8003C8BEB = {
						CreatedOnToolsVersion = 13.3.1;
					};
				};
			};
			buildConfigurationList = 171E9EA628CC7CB8003C8BEB /* Build configuration list for PBXProject "ApiTest" */;
			compatibilityVersion = "Xcode 13.0";
			developmentRegion = en;
			hasScannedForEncodings = 0;
			knownRegions = (
				en,
				Base,
			);
			mainGroup = 171E9EA228CC7CB8003C8BEB;
			packageReferences = (
				171412E328CF520D008F10F2 /* XCRemoteSwiftPackageReference "Alamofire" */,
			);
			productRefGroup = 171E9EAC28CC7CB8003C8BEB /* Products */;
			projectDirPath = "";
			projectRoot = "";
			targets = (
				171E9EAA28CC7CB8003C8BEB /* ApiTest */,
			);
		};
/* End PBXProject section */

/* Begin PBXResourcesBuildPhase section */
		171E9EA928CC7CB8003C8BEB /* Resources */ = {
			isa = PBXResourcesBuildPhase;
			buildActionMask = 2147483647;
			files = (
				171E9EBB28CC7CBA003C8BEB /* LaunchScreen.storyboard in Resources */,
				171E9EB828CC7CBA003C8BEB /* Assets.xcassets in Resources */,
				171E9EB628CC7CB8003C8BEB /* Main.storyboard in Resources */,
			);
			runOnlyForDeploymentPostprocessing = 0;
		};
/* End PBXResourcesBuildPhase section */

/* Begin PBXSourcesBuildPhase section */
		171E9EA728CC7CB8003C8BEB /* Sources */ = {
			isa = PBXSourcesBuildPhase;
			buildActionMask = 2147483647;
			files = (
				1720324828D0791700B70A64 /* Data.swift in Sources */,
				171E9EB328CC7CB8003C8BEB /* ViewController.swift in Sources */,
				171E9EAF28CC7CB8003C8BEB /* AppDelegate.swift in Sources */,
				171E9EB128CC7CB8003C8BEB /* SceneDelegate.swift in Sources */,
				1720324A28D0791C00B70A64 /* Json4Swift_Base.swift in Sources */,
				171412F728CF5FAD008F10F2 /* GetCategoriesService.swift in Sources */,
				171412E928CF53F7008F10F2 /* Constants.swift in Sources */,
			);
			runOnlyForDeploymentPostprocessing = 0;
		};
/* End PBXSourcesBuildPhase section */

/* Begin PBXVariantGroup section */
		171E9EB428CC7CB8003C8BEB /* Main.storyboard */ = {
			isa = PBXVariantGroup;
			children = (
				171E9EB528CC7CB8003C8BEB /* Base */,
			);
			name = Main.storyboard;
			sourceTree = "<group>";
		};
		171E9EB928CC7CBA003C8BEB /* LaunchScreen.storyboard */ = {
			isa = PBXVariantGroup;
			children = (
				171E9EBA28CC7CBA003C8BEB /* Base */,
			);
			name = LaunchScreen.storyboard;
			sourceTree = "<group>";
		};
/* End PBXVariantGroup section */

/* Begin XCBuildConfiguration section */
		171E9EBD28CC7CBA003C8BEB /* Debug */ = {
			isa = XCBuildConfiguration;
			buildSettings = {
				ALWAYS_SEARCH_USER_PATHS = NO;
				CLANG_ANALYZER_NONNULL = YES;
				CLANG_ANALYZER_NUMBER_OBJECT_CONVERSION = YES_AGGRESSIVE;
				CLANG_CXX_LANGUAGE_STANDARD = "gnu++17";
				CLANG_ENABLE_MODULES = YES;
				CLANG_ENABLE_OBJC_ARC = YES;
				CLANG_ENABLE_OBJC_WEAK = YES;
				CLANG_WARN_BLOCK_CAPTURE_AUTORELEASING = YES;
				CLANG_WARN_BOOL_CONVERSION = YES;
				CLANG_WARN_COMMA = YES;
				CLANG_WARN_CONSTANT_CONVERSION = YES;
				CLANG_WARN_DEPRECATED_OBJC_IMPLEMENTATIONS = YES;
				CLANG_WARN_DIRECT_OBJC_ISA_USAGE = YES_ERROR;
				CLANG_WARN_DOCUMENTATION_COMMENTS = YES;
				CLANG_WARN_EMPTY_BODY = YES;
				CLANG_WARN_ENUM_CONVERSION = YES;
				CLANG_WARN_INFINITE_RECURSION = YES;
				CLANG_WARN_INT_CONVERSION = YES;
				CLANG_WARN_NON_LITERAL_NULL_CONVERSION = YES;
				CLANG_WARN_OBJC_IMPLICIT_RETAIN_SELF = YES;
				CLANG_WARN_OBJC_LITERAL_CONVERSION = YES;
				CLANG_WARN_OBJC_ROOT_CLASS = YES_ERROR;
				CLANG_WARN_QUOTED_INCLUDE_IN_FRAMEWORK_HEADER = YES;
				CLANG_WARN_RANGE_LOOP_ANALYSIS = YES;
				CLANG_WARN_STRICT_PROTOTYPES = YES;
				CLANG_WARN_SUSPICIOUS_MOVE = YES;
				CLANG_WARN_UNGUARDED_AVAILABILITY = YES_AGGRESSIVE;
				CLANG_WARN_UNREACHABLE_CODE = YES;
				CLANG_WARN__DUPLICATE_METHOD_MATCH = YES;
				COPY_PHASE_STRIP = NO;
				DEBUG_INFORMATION_FORMAT = dwarf;
				ENABLE_STRICT_OBJC_MSGSEND = YES;
				ENABLE_TESTABILITY = YES;
				GCC_C_LANGUAGE_STANDARD = gnu11;
				GCC_DYNAMIC_NO_PIC = NO;
				GCC_NO_COMMON_BLOCKS = YES;
				GCC_OPTIMIZATION_LEVEL = 0;
				GCC_PREPROCESSOR_DEFINITIONS = (
					"DEBUG=1",
					"$(inherited)",
				);
				GCC_WARN_64_TO_32_BIT_CONVERSION = YES;
				GCC_WARN_ABOUT_RETURN_TYPE = YES_ERROR;
				GCC_WARN_UNDECLARED_SELECTOR = YES;
				GCC_WARN_UNINITIALIZED_AUTOS = YES_AGGRESSIVE;
				GCC_WARN_UNUSED_FUNCTION = YES;
				GCC_WARN_UNUSED_VARIABLE = YES;
				IPHONEOS_DEPLOYMENT_TARGET = 15.4;
				MTL_ENABLE_DEBUG_INFO = INCLUDE_SOURCE;
				MTL_FAST_MATH = YES;
				ONLY_ACTIVE_ARCH = YES;
				SDKROOT = iphoneos;
				SWIFT_ACTIVE_COMPILATION_CONDITIONS = DEBUG;
				SWIFT_OPTIMIZATION_LEVEL = "-Onone";
			};
			name = Debug;
		};
		171E9EBE28CC7CBA003C8BEB /* Release */ = {
			isa = XCBuildConfiguration;
			buildSettings = {
				ALWAYS_SEARCH_USER_PATHS = NO;
				CLANG_ANALYZER_NONNULL = YES;
				CLANG_ANALYZER_NUMBER_OBJECT_CONVERSION = YES_AGGRESSIVE;
				CLANG_CXX_LANGUAGE_STANDARD = "gnu++17";
				CLANG_ENABLE_MODULES = YES;
				CLANG_ENABLE_OBJC_ARC = YES;
				CLANG_ENABLE_OBJC_WEAK = YES;
				CLANG_WARN_BLOCK_CAPTURE_AUTORELEASING = YES;
				CLANG_WARN_BOOL_CONVERSION = YES;
				CLANG_WARN_COMMA = YES;
				CLANG_WARN_CONSTANT_CONVERSION = YES;
				CLANG_WARN_DEPRECATED_OBJC_IMPLEMENTATIONS = YES;
				CLANG_WARN_DIRECT_OBJC_ISA_USAGE = YES_ERROR;
				CLANG_WARN_DOCUMENTATION_COMMENTS = YES;
				CLANG_WARN_EMPTY_BODY = YES;
				CLANG_WARN_ENUM_CONVERSION = YES;
				CLANG_WARN_INFINITE_RECURSION = YES;
				CLANG_WARN_INT_CONVERSION = YES;
				CLANG_WARN_NON_LITERAL_NULL_CONVERSION = YES;
				CLANG_WARN_OBJC_IMPLICIT_RETAIN_SELF = YES;
				CLANG_WARN_OBJC_LITERAL_CONVERSION = YES;
				CLANG_WARN_OBJC_ROOT_CLASS = YES_ERROR;
				CLANG_WARN_QUOTED_INCLUDE_IN_FRAMEWORK_HEADER = YES;
				CLANG_WARN_RANGE_LOOP_ANALYSIS = YES;
				CLANG_WARN_STRICT_PROTOTYPES = YES;
				CLANG_WARN_SUSPICIOUS_MOVE = YES;
				CLANG_WARN_UNGUARDED_AVAILABILITY = YES_AGGRESSIVE;
				CLANG_WARN_UNREACHABLE_CODE = YES;
				CLANG_WARN__DUPLICATE_METHOD_MATCH = YES;
				COPY_PHASE_STRIP = NO;
				DEBUG_INFORMATION_FORMAT = "dwarf-with-dsym";
				ENABLE_NS_ASSERTIONS = NO;
				ENABLE_STRICT_OBJC_MSGSEND = YES;
				GCC_C_LANGUAGE_STANDARD = gnu11;
				GCC_NO_COMMON_BLOCKS = YES;
				GCC_WARN_64_TO_32_BIT_CONVERSION = YES;
				GCC_WARN_ABOUT_RETURN_TYPE = YES_ERROR;
				GCC_WARN_UNDECLARED_SELECTOR = YES;
				GCC_WARN_UNINITIALIZED_AUTOS = YES_AGGRESSIVE;
				GCC_WARN_UNUSED_FUNCTION = YES;
				GCC_WARN_UNUSED_VARIABLE = YES;
				IPHONEOS_DEPLOYMENT_TARGET = 15.4;
				MTL_ENABLE_DEBUG_INFO = NO;
				MTL_FAST_MATH = YES;
				SDKROOT = iphoneos;
				SWIFT_COMPILATION_MODE = wholemodule;
				SWIFT_OPTIMIZATION_LEVEL = "-O";
				VALIDATE_PRODUCT = YES;
			};
			name = Release;
		};
		171E9EC028CC7CBA003C8BEB /* Debug */ = {
			isa = XCBuildConfiguration;
			buildSettings = {
				ASSETCATALOG_COMPILER_APPICON_NAME = AppIcon;
				ASSETCATALOG_COMPILER_GLOBAL_ACCENT_COLOR_NAME = AccentColor;
				CODE_SIGN_STYLE = Automatic;
				CURRENT_PROJECT_VERSION = 1;
				DEVELOPMENT_TEAM = UD84BLAXT6;
				GENERATE_INFOPLIST_FILE = YES;
				INFOPLIST_FILE = ApiTest/Info.plist;
				INFOPLIST_KEY_UIApplicationSupportsIndirectInputEvents = YES;
				INFOPLIST_KEY_UILaunchStoryboardName = LaunchScreen;
				INFOPLIST_KEY_UIMainStoryboardFile = Main;
				INFOPLIST_KEY_UISupportedInterfaceOrientations_iPad = "UIInterfaceOrientationPortrait UIInterfaceOrientationPortraitUpsideDown UIInterfaceOrientationLandscapeLeft UIInterfaceOrientationLandscapeRight";
				INFOPLIST_KEY_UISupportedInterfaceOrientations_iPhone = "UIInterfaceOrientationPortrait UIInterfaceOrientationLandscapeLeft UIInterfaceOrientationLandscapeRight";
				LD_RUNPATH_SEARCH_PATHS = (
					"$(inherited)",
					"@executable_path/Frameworks",
				);
				MARKETING_VERSION = 1.0;
				PRODUCT_BUNDLE_IDENTIFIER = com.kiliclimehmetali.ApiTest;
				PRODUCT_NAME = "$(TARGET_NAME)";
				SWIFT_EMIT_LOC_STRINGS = YES;
				SWIFT_VERSION = 5.0;
				TARGETED_DEVICE_FAMILY = "1,2";
			};
			name = Debug;
		};
		171E9EC128CC7CBA003C8BEB /* Release */ = {
			isa = XCBuildConfiguration;
			buildSettings = {
				ASSETCATALOG_COMPILER_APPICON_NAME = AppIcon;
				ASSETCATALOG_COMPILER_GLOBAL_ACCENT_COLOR_NAME = AccentColor;
				CODE_SIGN_STYLE = Automatic;
				CURRENT_PROJECT_VERSION = 1;
				DEVELOPMENT_TEAM = UD84BLAXT6;
				GENERATE_INFOPLIST_FILE = YES;
				INFOPLIST_FILE = ApiTest/Info.plist;
				INFOPLIST_KEY_UIApplicationSupportsIndirectInputEvents = YES;
				INFOPLIST_KEY_UILaunchStoryboardName = LaunchScreen;
				INFOPLIST_KEY_UIMainStoryboardFile = Main;
				INFOPLIST_KEY_UISupportedInterfaceOrientations_iPad = "UIInterfaceOrientationPortrait UIInterfaceOrientationPortraitUpsideDown UIInterfaceOrientationLandscapeLeft UIInterfaceOrientationLandscapeRight";
				INFOPLIST_KEY_UISupportedInterfaceOrientations_iPhone = "UIInterfaceOrientationPortrait UIInterfaceOrientationLandscapeLeft UIInterfaceOrientationLandscapeRight";
				LD_RUNPATH_SEARCH_PATHS = (
					"$(inherited)",
					"@executable_path/Frameworks",
				);
				MARKETING_VERSION = 1.0;
				PRODUCT_BUNDLE_IDENTIFIER = com.kiliclimehmetali.ApiTest;
				PRODUCT_NAME = "$(TARGET_NAME)";
				SWIFT_EMIT_LOC_STRINGS = YES;
				SWIFT_VERSION = 5.0;
				TARGETED_DEVICE_FAMILY = "1,2";
			};
			name = Release;
		};
/* End XCBuildConfiguration section */

/* Begin XCConfigurationList section */
		171E9EA628CC7CB8003C8BEB /* Build configuration list for PBXProject "ApiTest" */ = {
			isa = XCConfigurationList;
			buildConfigurations = (
				171E9EBD28CC7CBA003C8BEB /* Debug */,
				171E9EBE28CC7CBA003C8BEB /* Release */,
			);
			defaultConfigurationIsVisible = 0;
			defaultConfigurationName = Release;
		};
		171E9EBF28CC7CBA003C8BEB /* Build configuration list for PBXNativeTarget "ApiTest" */ = {
			isa = XCConfigurationList;
			buildConfigurations = (
				171E9EC028CC7CBA003C8BEB /* Debug */,
				171E9EC128CC7CBA003C8BEB /* Release */,
			);
			defaultConfigurationIsVisible = 0;
			defaultConfigurationName = Release;
		};
/* End XCConfigurationList section */

/* Begin XCRemoteSwiftPackageReference section */
		171412E328CF520D008F10F2 /* XCRemoteSwiftPackageReference "Alamofire" */ = {
			isa = XCRemoteSwiftPackageReference;
			repositoryURL = "https://github.com/Alamofire/Alamofire.git";
			requirement = {
				branch = master;
				kind = branch;
			};
		};
/* End XCRemoteSwiftPackageReference section */

/* Begin XCSwiftPackageProductDependency section */
		171412E428CF520D008F10F2 /* Alamofire */ = {
			isa = XCSwiftPackageProductDependency;
			package = 171412E328CF520D008F10F2 /* XCRemoteSwiftPackageReference "Alamofire" */;
			productName = Alamofire;
		};
/* End XCSwiftPackageProductDependency section */
	};
	rootObject = 171E9EA328CC7CB8003C8BEB /* Project object */;
}
