// !$*UTF8*$!
{
	archiveVersion = 1;
	classes = {
	};
	objectVersion = 55;
	objects = {

/* Begin PBXBuildFile section */
		171E9E3928C9CF6D003C8BEB /* AppDelegate.swift in Sources */ = {isa = PBXBuildFile; fileRef = 171E9E3828C9CF6D003C8BEB /* AppDelegate.swift */; };
		171E9E3B28C9CF6D003C8BEB /* SceneDelegate.swift in Sources */ = {isa = PBXBuildFile; fileRef = 171E9E3A28C9CF6D003C8BEB /* SceneDelegate.swift */; };
		171E9E3D28C9CF6D003C8BEB /* ViewController.swift in Sources */ = {isa = PBXBuildFile; fileRef = 171E9E3C28C9CF6D003C8BEB /* ViewController.swift */; };
		171E9E4028C9CF6D003C8BEB /* Main.storyboard in Resources */ = {isa = PBXBuildFile; fileRef = 171E9E3E28C9CF6D003C8BEB /* Main.storyboard */; };
		171E9E4228C9CF70003C8BEB /* Assets.xcassets in Resources */ = {isa = PBXBuildFile; fileRef = 171E9E4128C9CF70003C8BEB /* Assets.xcassets */; };
		171E9E4528C9CF70003C8BEB /* LaunchScreen.storyboard in Resources */ = {isa = PBXBuildFile; fileRef = 171E9E4328C9CF70003C8BEB /* LaunchScreen.storyboard */; };
		171E9E5028C9CF70003C8BEB /* SwiftTestingTests.swift in Sources */ = {isa = PBXBuildFile; fileRef = 171E9E4F28C9CF70003C8BEB /* SwiftTestingTests.swift */; };
		171E9E5A28C9CF70003C8BEB /* SwiftTestingUITests.swift in Sources */ = {isa = PBXBuildFile; fileRef = 171E9E5928C9CF70003C8BEB /* SwiftTestingUITests.swift */; };
		171E9E5C28C9CF70003C8BEB /* SwiftTestingUITestsLaunchTests.swift in Sources */ = {isa = PBXBuildFile; fileRef = 171E9E5B28C9CF70003C8BEB /* SwiftTestingUITestsLaunchTests.swift */; };
		171E9E6928C9CFB4003C8BEB /* MatematicFunctions.swift in Sources */ = {isa = PBXBuildFile; fileRef = 171E9E6828C9CFB4003C8BEB /* MatematicFunctions.swift */; };
/* End PBXBuildFile section */

/* Begin PBXContainerItemProxy section */
		171E9E4C28C9CF70003C8BEB /* PBXContainerItemProxy */ = {
			isa = PBXContainerItemProxy;
			containerPortal = 171E9E2D28C9CF6D003C8BEB /* Project object */;
			proxyType = 1;
			remoteGlobalIDString = 171E9E3428C9CF6D003C8BEB;
			remoteInfo = SwiftTesting;
		};
		171E9E5628C9CF70003C8BEB /* PBXContainerItemProxy */ = {
			isa = PBXContainerItemProxy;
			containerPortal = 171E9E2D28C9CF6D003C8BEB /* Project object */;
			proxyType = 1;
			remoteGlobalIDString = 171E9E3428C9CF6D003C8BEB;
			remoteInfo = SwiftTesting;
		};
/* End PBXContainerItemProxy section */

/* Begin PBXFileReference section */
		171E9E3528C9CF6D003C8BEB /* SwiftTesting.app */ = {isa = PBXFileReference; explicitFileType = wrapper.application; includeInIndex = 0; path = SwiftTesting.app; sourceTree = BUILT_PRODUCTS_DIR; };
		171E9E3828C9CF6D003C8BEB /* AppDelegate.swift */ = {isa = PBXFileReference; lastKnownFileType = sourcecode.swift; path = AppDelegate.swift; sourceTree = "<group>"; };
		171E9E3A28C9CF6D003C8BEB /* SceneDelegate.swift */ = {isa = PBXFileReference; lastKnownFileType = sourcecode.swift; path = SceneDelegate.swift; sourceTree = "<group>"; };
		171E9E3C28C9CF6D003C8BEB /* ViewController.swift */ = {isa = PBXFileReference; lastKnownFileType = sourcecode.swift; path = ViewController.swift; sourceTree = "<group>"; };
		171E9E3F28C9CF6D003C8BEB /* Base */ = {isa = PBXFileReference; lastKnownFileType = file.storyboard; name = Base; path = Base.lproj/Main.storyboard; sourceTree = "<group>"; };
		171E9E4128C9CF70003C8BEB /* Assets.xcassets */ = {isa = PBXFileReference; lastKnownFileType = folder.assetcatalog; path = Assets.xcassets; sourceTree = "<group>"; };
		171E9E4428C9CF70003C8BEB /* Base */ = {isa = PBXFileReference; lastKnownFileType = file.storyboard; name = Base; path = Base.lproj/LaunchScreen.storyboard; sourceTree = "<group>"; };
		171E9E4628C9CF70003C8BEB /* Info.plist */ = {isa = PBXFileReference; lastKnownFileType = text.plist.xml; path = Info.plist; sourceTree = "<group>"; };
		171E9E4B28C9CF70003C8BEB /* SwiftTestingTests.xctest */ = {isa = PBXFileReference; explicitFileType = wrapper.cfbundle; includeInIndex = 0; path = SwiftTestingTests.xctest; sourceTree = BUILT_PRODUCTS_DIR; };
		171E9E4F28C9CF70003C8BEB /* SwiftTestingTests.swift */ = {isa = PBXFileReference; lastKnownFileType = sourcecode.swift; path = SwiftTestingTests.swift; sourceTree = "<group>"; };
		171E9E5528C9CF70003C8BEB /* SwiftTestingUITests.xctest */ = {isa = PBXFileReference; explicitFileType = wrapper.cfbundle; includeInIndex = 0; path = SwiftTestingUITests.xctest; sourceTree = BUILT_PRODUCTS_DIR; };
		171E9E5928C9CF70003C8BEB /* SwiftTestingUITests.swift */ = {isa = PBXFileReference; lastKnownFileType = sourcecode.swift; path = SwiftTestingUITests.swift; sourceTree = "<group>"; };
		171E9E5B28C9CF70003C8BEB /* SwiftTestingUITestsLaunchTests.swift */ = {isa = PBXFileReference; lastKnownFileType = sourcecode.swift; path = SwiftTestingUITestsLaunchTests.swift; sourceTree = "<group>"; };
		171E9E6828C9CFB4003C8BEB /* MatematicFunctions.swift */ = {isa = PBXFileReference; lastKnownFileType = sourcecode.swift; path = MatematicFunctions.swift; sourceTree = "<group>"; };
/* End PBXFileReference section */

/* Begin PBXFrameworksBuildPhase section */
		171E9E3228C9CF6D003C8BEB /* Frameworks */ = {
			isa = PBXFrameworksBuildPhase;
			buildActionMask = 2147483647;
			files = (
			);
			runOnlyForDeploymentPostprocessing = 0;
		};
		171E9E4828C9CF70003C8BEB /* Frameworks */ = {
			isa = PBXFrameworksBuildPhase;
			buildActionMask = 2147483647;
			files = (
			);
			runOnlyForDeploymentPostprocessing = 0;
		};
		171E9E5228C9CF70003C8BEB /* Frameworks */ = {
			isa = PBXFrameworksBuildPhase;
			buildActionMask = 2147483647;
			files = (
			);
			runOnlyForDeploymentPostprocessing = 0;
		};
/* End PBXFrameworksBuildPhase section */

/* Begin PBXGroup section */
		171E9E2C28C9CF6D003C8BEB = {
			isa = PBXGroup;
			children = (
				171E9E3728C9CF6D003C8BEB /* SwiftTesting */,
				171E9E4E28C9CF70003C8BEB /* SwiftTestingTests */,
				171E9E5828C9CF70003C8BEB /* SwiftTestingUITests */,
				171E9E3628C9CF6D003C8BEB /* Products */,
			);
			sourceTree = "<group>";
		};
		171E9E3628C9CF6D003C8BEB /* Products */ = {
			isa = PBXGroup;
			children = (
				171E9E3528C9CF6D003C8BEB /* SwiftTesting.app */,
				171E9E4B28C9CF70003C8BEB /* SwiftTestingTests.xctest */,
				171E9E5528C9CF70003C8BEB /* SwiftTestingUITests.xctest */,
			);
			name = Products;
			sourceTree = "<group>";
		};
		171E9E3728C9CF6D003C8BEB /* SwiftTesting */ = {
			isa = PBXGroup;
			children = (
				171E9E3828C9CF6D003C8BEB /* AppDelegate.swift */,
				171E9E3A28C9CF6D003C8BEB /* SceneDelegate.swift */,
				171E9E3C28C9CF6D003C8BEB /* ViewController.swift */,
				171E9E3E28C9CF6D003C8BEB /* Main.storyboard */,
				171E9E4128C9CF70003C8BEB /* Assets.xcassets */,
				171E9E4328C9CF70003C8BEB /* LaunchScreen.storyboard */,
				171E9E4628C9CF70003C8BEB /* Info.plist */,
				171E9E6828C9CFB4003C8BEB /* MatematicFunctions.swift */,
			);
			path = SwiftTesting;
			sourceTree = "<group>";
		};
		171E9E4E28C9CF70003C8BEB /* SwiftTestingTests */ = {
			isa = PBXGroup;
			children = (
				171E9E4F28C9CF70003C8BEB /* SwiftTestingTests.swift */,
			);
			path = SwiftTestingTests;
			sourceTree = "<group>";
		};
		171E9E5828C9CF70003C8BEB /* SwiftTestingUITests */ = {
			isa = PBXGroup;
			children = (
				171E9E5928C9CF70003C8BEB /* SwiftTestingUITests.swift */,
				171E9E5B28C9CF70003C8BEB /* SwiftTestingUITestsLaunchTests.swift */,
			);
			path = SwiftTestingUITests;
			sourceTree = "<group>";
		};
/* End PBXGroup section */

/* Begin PBXNativeTarget section */
		171E9E3428C9CF6D003C8BEB /* SwiftTesting */ = {
			isa = PBXNativeTarget;
			buildConfigurationList = 171E9E5F28C9CF70003C8BEB /* Build configuration list for PBXNativeTarget "SwiftTesting" */;
			buildPhases = (
				171E9E3128C9CF6D003C8BEB /* Sources */,
				171E9E3228C9CF6D003C8BEB /* Frameworks */,
				171E9E3328C9CF6D003C8BEB /* Resources */,
			);
			buildRules = (
			);
			dependencies = (
			);
			name = SwiftTesting;
			productName = SwiftTesting;
			productReference = 171E9E3528C9CF6D003C8BEB /* SwiftTesting.app */;
			productType = "com.apple.product-type.application";
		};
		171E9E4A28C9CF70003C8BEB /* SwiftTestingTests */ = {
			isa = PBXNativeTarget;
			buildConfigurationList = 171E9E6228C9CF70003C8BEB /* Build configuration list for PBXNativeTarget "SwiftTestingTests" */;
			buildPhases = (
				171E9E4728C9CF70003C8BEB /* Sources */,
				171E9E4828C9CF70003C8BEB /* Frameworks */,
				171E9E4928C9CF70003C8BEB /* Resources */,
			);
			buildRules = (
			);
			dependencies = (
				171E9E4D28C9CF70003C8BEB /* PBXTargetDependency */,
			);
			name = SwiftTestingTests;
			productName = SwiftTestingTests;
			productReference = 171E9E4B28C9CF70003C8BEB /* SwiftTestingTests.xctest */;
			productType = "com.apple.product-type.bundle.unit-test";
		};
		171E9E5428C9CF70003C8BEB /* SwiftTestingUITests */ = {
			isa = PBXNativeTarget;
			buildConfigurationList = 171E9E6528C9CF70003C8BEB /* Build configuration list for PBXNativeTarget "SwiftTestingUITests" */;
			buildPhases = (
				171E9E5128C9CF70003C8BEB /* Sources */,
				171E9E5228C9CF70003C8BEB /* Frameworks */,
				171E9E5328C9CF70003C8BEB /* Resources */,
			);
			buildRules = (
			);
			dependencies = (
				171E9E5728C9CF70003C8BEB /* PBXTargetDependency */,
			);
			name = SwiftTestingUITests;
			productName = SwiftTestingUITests;
			productReference = 171E9E5528C9CF70003C8BEB /* SwiftTestingUITests.xctest */;
			productType = "com.apple.product-type.bundle.ui-testing";
		};
/* End PBXNativeTarget section */

/* Begin PBXProject section */
		171E9E2D28C9CF6D003C8BEB /* Project object */ = {
			isa = PBXProject;
			attributes = {
				BuildIndependentTargetsInParallel = 1;
				LastSwiftUpdateCheck = 1330;
				LastUpgradeCheck = 1330;
				TargetAttributes = {
					171E9E3428C9CF6D003C8BEB = {
						CreatedOnToolsVersion = 13.3.1;
					};
					171E9E4A28C9CF70003C8BEB = {
						CreatedOnToolsVersion = 13.3.1;
						TestTargetID = 171E9E3428C9CF6D003C8BEB;
					};
					171E9E5428C9CF70003C8BEB = {
						CreatedOnToolsVersion = 13.3.1;
						TestTargetID = 171E9E3428C9CF6D003C8BEB;
					};
				};
			};
			buildConfigurationList = 171E9E3028C9CF6D003C8BEB /* Build configuration list for PBXProject "SwiftTesting" */;
			compatibilityVersion = "Xcode 13.0";
			developmentRegion = en;
			hasScannedForEncodings = 0;
			knownRegions = (
				en,
				Base,
			);
			mainGroup = 171E9E2C28C9CF6D003C8BEB;
			productRefGroup = 171E9E3628C9CF6D003C8BEB /* Products */;
			projectDirPath = "";
			projectRoot = "";
			targets = (
				171E9E3428C9CF6D003C8BEB /* SwiftTesting */,
				171E9E4A28C9CF70003C8BEB /* SwiftTestingTests */,
				171E9E5428C9CF70003C8BEB /* SwiftTestingUITests */,
			);
		};
/* End PBXProject section */

/* Begin PBXResourcesBuildPhase section */
		171E9E3328C9CF6D003C8BEB /* Resources */ = {
			isa = PBXResourcesBuildPhase;
			buildActionMask = 2147483647;
			files = (
				171E9E4528C9CF70003C8BEB /* LaunchScreen.storyboard in Resources */,
				171E9E4228C9CF70003C8BEB /* Assets.xcassets in Resources */,
				171E9E4028C9CF6D003C8BEB /* Main.storyboard in Resources */,
			);
			runOnlyForDeploymentPostprocessing = 0;
		};
		171E9E4928C9CF70003C8BEB /* Resources */ = {
			isa = PBXResourcesBuildPhase;
			buildActionMask = 2147483647;
			files = (
			);
			runOnlyForDeploymentPostprocessing = 0;
		};
		171E9E5328C9CF70003C8BEB /* Resources */ = {
			isa = PBXResourcesBuildPhase;
			buildActionMask = 2147483647;
			files = (
			);
			runOnlyForDeploymentPostprocessing = 0;
		};
/* End PBXResourcesBuildPhase section */

/* Begin PBXSourcesBuildPhase section */
		171E9E3128C9CF6D003C8BEB /* Sources */ = {
			isa = PBXSourcesBuildPhase;
			buildActionMask = 2147483647;
			files = (
				171E9E3D28C9CF6D003C8BEB /* ViewController.swift in Sources */,
				171E9E6928C9CFB4003C8BEB /* MatematicFunctions.swift in Sources */,
				171E9E3928C9CF6D003C8BEB /* AppDelegate.swift in Sources */,
				171E9E3B28C9CF6D003C8BEB /* SceneDelegate.swift in Sources */,
			);
			runOnlyForDeploymentPostprocessing = 0;
		};
		171E9E4728C9CF70003C8BEB /* Sources */ = {
			isa = PBXSourcesBuildPhase;
			buildActionMask = 2147483647;
			files = (
				171E9E5028C9CF70003C8BEB /* SwiftTestingTests.swift in Sources */,
			);
			runOnlyForDeploymentPostprocessing = 0;
		};
		171E9E5128C9CF70003C8BEB /* Sources */ = {
			isa = PBXSourcesBuildPhase;
			buildActionMask = 2147483647;
			files = (
				171E9E5A28C9CF70003C8BEB /* SwiftTestingUITests.swift in Sources */,
				171E9E5C28C9CF70003C8BEB /* SwiftTestingUITestsLaunchTests.swift in Sources */,
			);
			runOnlyForDeploymentPostprocessing = 0;
		};
/* End PBXSourcesBuildPhase section */

/* Begin PBXTargetDependency section */
		171E9E4D28C9CF70003C8BEB /* PBXTargetDependency */ = {
			isa = PBXTargetDependency;
			target = 171E9E3428C9CF6D003C8BEB /* SwiftTesting */;
			targetProxy = 171E9E4C28C9CF70003C8BEB /* PBXContainerItemProxy */;
		};
		171E9E5728C9CF70003C8BEB /* PBXTargetDependency */ = {
			isa = PBXTargetDependency;
			target = 171E9E3428C9CF6D003C8BEB /* SwiftTesting */;
			targetProxy = 171E9E5628C9CF70003C8BEB /* PBXContainerItemProxy */;
		};
/* End PBXTargetDependency section */

/* Begin PBXVariantGroup section */
		171E9E3E28C9CF6D003C8BEB /* Main.storyboard */ = {
			isa = PBXVariantGroup;
			children = (
				171E9E3F28C9CF6D003C8BEB /* Base */,
			);
			name = Main.storyboard;
			sourceTree = "<group>";
		};
		171E9E4328C9CF70003C8BEB /* LaunchScreen.storyboard */ = {
			isa = PBXVariantGroup;
			children = (
				171E9E4428C9CF70003C8BEB /* Base */,
			);
			name = LaunchScreen.storyboard;
			sourceTree = "<group>";
		};
/* End PBXVariantGroup section */

/* Begin XCBuildConfiguration section */
		171E9E5D28C9CF70003C8BEB /* Debug */ = {
			isa = XCBuildConfiguration;
			buildSettings = {
				ALWAYS_SEARCH_USER_PATHS = NO;
				CLANG_ANALYZER_NONNULL = YES;
				CLANG_ANALYZER_NUMBER_OBJECT_CONVERSION = YES_AGGRESSIVE;
				CLANG_CXX_LANGUAGE_STANDARD = "gnu++17";
				CLANG_ENABLE_MODULES = YES;
				CLANG_ENABLE_OBJC_ARC = YES;
				CLANG_ENABLE_OBJC_WEAK = YES;
				CLANG_WARN_BLOCK_CAPTURE_AUTORELEASING = YES;
				CLANG_WARN_BOOL_CONVERSION = YES;
				CLANG_WARN_COMMA = YES;
				CLANG_WARN_CONSTANT_CONVERSION = YES;
				CLANG_WARN_DEPRECATED_OBJC_IMPLEMENTATIONS = YES;
				CLANG_WARN_DIRECT_OBJC_ISA_USAGE = YES_ERROR;
				CLANG_WARN_DOCUMENTATION_COMMENTS = YES;
				CLANG_WARN_EMPTY_BODY = YES;
				CLANG_WARN_ENUM_CONVERSION = YES;
				CLANG_WARN_INFINITE_RECURSION = YES;
				CLANG_WARN_INT_CONVERSION = YES;
				CLANG_WARN_NON_LITERAL_NULL_CONVERSION = YES;
				CLANG_WARN_OBJC_IMPLICIT_RETAIN_SELF = YES;
				CLANG_WARN_OBJC_LITERAL_CONVERSION = YES;
				CLANG_WARN_OBJC_ROOT_CLASS = YES_ERROR;
				CLANG_WARN_QUOTED_INCLUDE_IN_FRAMEWORK_HEADER = YES;
				CLANG_WARN_RANGE_LOOP_ANALYSIS = YES;
				CLANG_WARN_STRICT_PROTOTYPES = YES;
				CLANG_WARN_SUSPICIOUS_MOVE = YES;
				CLANG_WARN_UNGUARDED_AVAILABILITY = YES_AGGRESSIVE;
				CLANG_WARN_UNREACHABLE_CODE = YES;
				CLANG_WARN__DUPLICATE_METHOD_MATCH = YES;
				COPY_PHASE_STRIP = NO;
				DEBUG_INFORMATION_FORMAT = dwarf;
				ENABLE_STRICT_OBJC_MSGSEND = YES;
				ENABLE_TESTABILITY = YES;
				GCC_C_LANGUAGE_STANDARD = gnu11;
				GCC_DYNAMIC_NO_PIC = NO;
				GCC_NO_COMMON_BLOCKS = YES;
				GCC_OPTIMIZATION_LEVEL = 0;
				GCC_PREPROCESSOR_DEFINITIONS = (
					"DEBUG=1",
					"$(inherited)",
				);
				GCC_WARN_64_TO_32_BIT_CONVERSION = YES;
				GCC_WARN_ABOUT_RETURN_TYPE = YES_ERROR;
				GCC_WARN_UNDECLARED_SELECTOR = YES;
				GCC_WARN_UNINITIALIZED_AUTOS = YES_AGGRESSIVE;
				GCC_WARN_UNUSED_FUNCTION = YES;
				GCC_WARN_UNUSED_VARIABLE = YES;
				IPHONEOS_DEPLOYMENT_TARGET = 15.4;
				MTL_ENABLE_DEBUG_INFO = INCLUDE_SOURCE;
				MTL_FAST_MATH = YES;
				ONLY_ACTIVE_ARCH = YES;
				SDKROOT = iphoneos;
				SWIFT_ACTIVE_COMPILATION_CONDITIONS = DEBUG;
				SWIFT_OPTIMIZATION_LEVEL = "-Onone";
			};
			name = Debug;
		};
		171E9E5E28C9CF70003C8BEB /* Release */ = {
			isa = XCBuildConfiguration;
			buildSettings = {
				ALWAYS_SEARCH_USER_PATHS = NO;
				CLANG_ANALYZER_NONNULL = YES;
				CLANG_ANALYZER_NUMBER_OBJECT_CONVERSION = YES_AGGRESSIVE;
				CLANG_CXX_LANGUAGE_STANDARD = "gnu++17";
				CLANG_ENABLE_MODULES = YES;
				CLANG_ENABLE_OBJC_ARC = YES;
				CLANG_ENABLE_OBJC_WEAK = YES;
				CLANG_WARN_BLOCK_CAPTURE_AUTORELEASING = YES;
				CLANG_WARN_BOOL_CONVERSION = YES;
				CLANG_WARN_COMMA = YES;
				CLANG_WARN_CONSTANT_CONVERSION = YES;
				CLANG_WARN_DEPRECATED_OBJC_IMPLEMENTATIONS = YES;
				CLANG_WARN_DIRECT_OBJC_ISA_USAGE = YES_ERROR;
				CLANG_WARN_DOCUMENTATION_COMMENTS = YES;
				CLANG_WARN_EMPTY_BODY = YES;
				CLANG_WARN_ENUM_CONVERSION = YES;
				CLANG_WARN_INFINITE_RECURSION = YES;
				CLANG_WARN_INT_CONVERSION = YES;
				CLANG_WARN_NON_LITERAL_NULL_CONVERSION = YES;
				CLANG_WARN_OBJC_IMPLICIT_RETAIN_SELF = YES;
				CLANG_WARN_OBJC_LITERAL_CONVERSION = YES;
				CLANG_WARN_OBJC_ROOT_CLASS = YES_ERROR;
				CLANG_WARN_QUOTED_INCLUDE_IN_FRAMEWORK_HEADER = YES;
				CLANG_WARN_RANGE_LOOP_ANALYSIS = YES;
				CLANG_WARN_STRICT_PROTOTYPES = YES;
				CLANG_WARN_SUSPICIOUS_MOVE = YES;
				CLANG_WARN_UNGUARDED_AVAILABILITY = YES_AGGRESSIVE;
				CLANG_WARN_UNREACHABLE_CODE = YES;
				CLANG_WARN__DUPLICATE_METHOD_MATCH = YES;
				COPY_PHASE_STRIP = NO;
				DEBUG_INFORMATION_FORMAT = "dwarf-with-dsym";
				ENABLE_NS_ASSERTIONS = NO;
				ENABLE_STRICT_OBJC_MSGSEND = YES;
				GCC_C_LANGUAGE_STANDARD = gnu11;
				GCC_NO_COMMON_BLOCKS = YES;
				GCC_WARN_64_TO_32_BIT_CONVERSION = YES;
				GCC_WARN_ABOUT_RETURN_TYPE = YES_ERROR;
				GCC_WARN_UNDECLARED_SELECTOR = YES;
				GCC_WARN_UNINITIALIZED_AUTOS = YES_AGGRESSIVE;
				GCC_WARN_UNUSED_FUNCTION = YES;
				GCC_WARN_UNUSED_VARIABLE = YES;
				IPHONEOS_DEPLOYMENT_TARGET = 15.4;
				MTL_ENABLE_DEBUG_INFO = NO;
				MTL_FAST_MATH = YES;
				SDKROOT = iphoneos;
				SWIFT_COMPILATION_MODE = wholemodule;
				SWIFT_OPTIMIZATION_LEVEL = "-O";
				VALIDATE_PRODUCT = YES;
			};
			name = Release;
		};
		171E9E6028C9CF70003C8BEB /* Debug */ = {
			isa = XCBuildConfiguration;
			buildSettings = {
				ASSETCATALOG_COMPILER_APPICON_NAME = AppIcon;
				ASSETCATALOG_COMPILER_GLOBAL_ACCENT_COLOR_NAME = AccentColor;
				CODE_SIGN_STYLE = Automatic;
				CURRENT_PROJECT_VERSION = 1;
				DEVELOPMENT_TEAM = UD84BLAXT6;
				GENERATE_INFOPLIST_FILE = YES;
				INFOPLIST_FILE = SwiftTesting/Info.plist;
				INFOPLIST_KEY_UIApplicationSupportsIndirectInputEvents = YES;
				INFOPLIST_KEY_UILaunchStoryboardName = LaunchScreen;
				INFOPLIST_KEY_UIMainStoryboardFile = Main;
				INFOPLIST_KEY_UISupportedInterfaceOrientations_iPad = "UIInterfaceOrientationPortrait UIInterfaceOrientationPortraitUpsideDown UIInterfaceOrientationLandscapeLeft UIInterfaceOrientationLandscapeRight";
				INFOPLIST_KEY_UISupportedInterfaceOrientations_iPhone = "UIInterfaceOrientationPortrait UIInterfaceOrientationLandscapeLeft UIInterfaceOrientationLandscapeRight";
				LD_RUNPATH_SEARCH_PATHS = (
					"$(inherited)",
					"@executable_path/Frameworks",
				);
				MARKETING_VERSION = 1.0;
				PRODUCT_BUNDLE_IDENTIFIER = com.kiliclimehmetali.SwiftTesting;
				PRODUCT_NAME = "$(TARGET_NAME)";
				SWIFT_EMIT_LOC_STRINGS = YES;
				SWIFT_VERSION = 5.0;
				TARGETED_DEVICE_FAMILY = "1,2";
			};
			name = Debug;
		};
		171E9E6128C9CF70003C8BEB /* Release */ = {
			isa = XCBuildConfiguration;
			buildSettings = {
				ASSETCATALOG_COMPILER_APPICON_NAME = AppIcon;
				ASSETCATALOG_COMPILER_GLOBAL_ACCENT_COLOR_NAME = AccentColor;
				CODE_SIGN_STYLE = Automatic;
				CURRENT_PROJECT_VERSION = 1;
				DEVELOPMENT_TEAM = UD84BLAXT6;
				GENERATE_INFOPLIST_FILE = YES;
				INFOPLIST_FILE = SwiftTesting/Info.plist;
				INFOPLIST_KEY_UIApplicationSupportsIndirectInputEvents = YES;
				INFOPLIST_KEY_UILaunchStoryboardName = LaunchScreen;
				INFOPLIST_KEY_UIMainStoryboardFile = Main;
				INFOPLIST_KEY_UISupportedInterfaceOrientations_iPad = "UIInterfaceOrientationPortrait UIInterfaceOrientationPortraitUpsideDown UIInterfaceOrientationLandscapeLeft UIInterfaceOrientationLandscapeRight";
				INFOPLIST_KEY_UISupportedInterfaceOrientations_iPhone = "UIInterfaceOrientationPortrait UIInterfaceOrientationLandscapeLeft UIInterfaceOrientationLandscapeRight";
				LD_RUNPATH_SEARCH_PATHS = (
					"$(inherited)",
					"@executable_path/Frameworks",
				);
				MARKETING_VERSION = 1.0;
				PRODUCT_BUNDLE_IDENTIFIER = com.kiliclimehmetali.SwiftTesting;
				PRODUCT_NAME = "$(TARGET_NAME)";
				SWIFT_EMIT_LOC_STRINGS = YES;
				SWIFT_VERSION = 5.0;
				TARGETED_DEVICE_FAMILY = "1,2";
			};
			name = Release;
		};
		171E9E6328C9CF70003C8BEB /* Debug */ = {
			isa = XCBuildConfiguration;
			buildSettings = {
				ALWAYS_EMBED_SWIFT_STANDARD_LIBRARIES = YES;
				BUNDLE_LOADER = "$(TEST_HOST)";
				CODE_SIGN_STYLE = Automatic;
				CURRENT_PROJECT_VERSION = 1;
				DEVELOPMENT_TEAM = UD84BLAXT6;
				GENERATE_INFOPLIST_FILE = YES;
				IPHONEOS_DEPLOYMENT_TARGET = 15.4;
				MARKETING_VERSION = 1.0;
				PRODUCT_BUNDLE_IDENTIFIER = com.kiliclimehmetali.SwiftTestingTests;
				PRODUCT_NAME = "$(TARGET_NAME)";
				SWIFT_EMIT_LOC_STRINGS = NO;
				SWIFT_VERSION = 5.0;
				TARGETED_DEVICE_FAMILY = "1,2";
				TEST_HOST = "$(BUILT_PRODUCTS_DIR)/SwiftTesting.app/SwiftTesting";
			};
			name = Debug;
		};
		171E9E6428C9CF70003C8BEB /* Release */ = {
			isa = XCBuildConfiguration;
			buildSettings = {
				ALWAYS_EMBED_SWIFT_STANDARD_LIBRARIES = YES;
				BUNDLE_LOADER = "$(TEST_HOST)";
				CODE_SIGN_STYLE = Automatic;
				CURRENT_PROJECT_VERSION = 1;
				DEVELOPMENT_TEAM = UD84BLAXT6;
				GENERATE_INFOPLIST_FILE = YES;
				IPHONEOS_DEPLOYMENT_TARGET = 15.4;
				MARKETING_VERSION = 1.0;
				PRODUCT_BUNDLE_IDENTIFIER = com.kiliclimehmetali.SwiftTestingTests;
				PRODUCT_NAME = "$(TARGET_NAME)";
				SWIFT_EMIT_LOC_STRINGS = NO;
				SWIFT_VERSION = 5.0;
				TARGETED_DEVICE_FAMILY = "1,2";
				TEST_HOST = "$(BUILT_PRODUCTS_DIR)/SwiftTesting.app/SwiftTesting";
			};
			name = Release;
		};
		171E9E6628C9CF70003C8BEB /* Debug */ = {
			isa = XCBuildConfiguration;
			buildSettings = {
				ALWAYS_EMBED_SWIFT_STANDARD_LIBRARIES = YES;
				CODE_SIGN_STYLE = Automatic;
				CURRENT_PROJECT_VERSION = 1;
				DEVELOPMENT_TEAM = UD84BLAXT6;
				GENERATE_INFOPLIST_FILE = YES;
				MARKETING_VERSION = 1.0;
				PRODUCT_BUNDLE_IDENTIFIER = com.kiliclimehmetali.SwiftTestingUITests;
				PRODUCT_NAME = "$(TARGET_NAME)";
				SWIFT_EMIT_LOC_STRINGS = NO;
				SWIFT_VERSION = 5.0;
				TARGETED_DEVICE_FAMILY = "1,2";
				TEST_TARGET_NAME = SwiftTesting;
			};
			name = Debug;
		};
		171E9E6728C9CF70003C8BEB /* Release */ = {
			isa = XCBuildConfiguration;
			buildSettings = {
				ALWAYS_EMBED_SWIFT_STANDARD_LIBRARIES = YES;
				CODE_SIGN_STYLE = Automatic;
				CURRENT_PROJECT_VERSION = 1;
				DEVELOPMENT_TEAM = UD84BLAXT6;
				GENERATE_INFOPLIST_FILE = YES;
				MARKETING_VERSION = 1.0;
				PRODUCT_BUNDLE_IDENTIFIER = com.kiliclimehmetali.SwiftTestingUITests;
				PRODUCT_NAME = "$(TARGET_NAME)";
				SWIFT_EMIT_LOC_STRINGS = NO;
				SWIFT_VERSION = 5.0;
				TARGETED_DEVICE_FAMILY = "1,2";
				TEST_TARGET_NAME = SwiftTesting;
			};
			name = Release;
		};
/* End XCBuildConfiguration section */

/* Begin XCConfigurationList section */
		171E9E3028C9CF6D003C8BEB /* Build configuration list for PBXProject "SwiftTesting" */ = {
			isa = XCConfigurationList;
			buildConfigurations = (
				171E9E5D28C9CF70003C8BEB /* Debug */,
				171E9E5E28C9CF70003C8BEB /* Release */,
			);
			defaultConfigurationIsVisible = 0;
			defaultConfigurationName = Release;
		};
		171E9E5F28C9CF70003C8BEB /* Build configuration list for PBXNativeTarget "SwiftTesting" */ = {
			isa = XCConfigurationList;
			buildConfigurations = (
				171E9E6028C9CF70003C8BEB /* Debug */,
				171E9E6128C9CF70003C8BEB /* Release */,
			);
			defaultConfigurationIsVisible = 0;
			defaultConfigurationName = Release;
		};
		171E9E6228C9CF70003C8BEB /* Build configuration list for PBXNativeTarget "SwiftTestingTests" */ = {
			isa = XCConfigurationList;
			buildConfigurations = (
				171E9E6328C9CF70003C8BEB /* Debug */,
				171E9E6428C9CF70003C8BEB /* Release */,
			);
			defaultConfigurationIsVisible = 0;
			defaultConfigurationName = Release;
		};
		171E9E6528C9CF70003C8BEB /* Build configuration list for PBXNativeTarget "SwiftTestingUITests" */ = {
			isa = XCConfigurationList;
			buildConfigurations = (
				171E9E6628C9CF70003C8BEB /* Debug */,
				171E9E6728C9CF70003C8BEB /* Release */,
			);
			defaultConfigurationIsVisible = 0;
			defaultConfigurationName = Release;
		};
/* End XCConfigurationList section */
	};
	rootObject = 171E9E2D28C9CF6D003C8BEB /* Project object */;
}
